// !$*UTF8*$!
{
	archiveVersion = 1;
	classes = {
	};
	objectVersion = 50;
	objects = {

/* Begin PBXBuildFile section */
		4600D96E261E2CD80032BE3A /* Move Element To End.swift in Sources */ = {isa = PBXBuildFile; fileRef = 4600D962261E2CD70032BE3A /* Move Element To End.swift */; };
		4600D96F261E2CD80032BE3A /* Array Of Products.swift in Sources */ = {isa = PBXBuildFile; fileRef = 4600D963261E2CD70032BE3A /* Array Of Products.swift */; };
		4600D971261E2CD80032BE3A /* Non-Constructible Change.swift in Sources */ = {isa = PBXBuildFile; fileRef = 4600D965261E2CD70032BE3A /* Non-Constructible Change.swift */; };
		4600D973261E2CD80032BE3A /* Spiral Traverse.swift in Sources */ = {isa = PBXBuildFile; fileRef = 4600D967261E2CD70032BE3A /* Spiral Traverse.swift */; };
		4600D974261E2CD80032BE3A /* Three Number Sum.swift in Sources */ = {isa = PBXBuildFile; fileRef = 4600D968261E2CD70032BE3A /* Three Number Sum.swift */; };
		4600D976261E2CD80032BE3A /* Tournament Winner.swift in Sources */ = {isa = PBXBuildFile; fileRef = 4600D96A261E2CD80032BE3A /* Tournament Winner.swift */; };
		4600D977261E2CD80032BE3A /* Monotonic Array.swift in Sources */ = {isa = PBXBuildFile; fileRef = 4600D96B261E2CD80032BE3A /* Monotonic Array.swift */; };
		4600D978261E2CD80032BE3A /* Smallest Difference.swift in Sources */ = {isa = PBXBuildFile; fileRef = 4600D96C261E2CD80032BE3A /* Smallest Difference.swift */; };
		4600D980261E2E420032BE3A /* Four Number Sum.swift in Sources */ = {isa = PBXBuildFile; fileRef = 4600D97F261E2E420032BE3A /* Four Number Sum.swift */; };
		4617B77029BCE83200F65833 /* 957-Prison Cells After N Days .swift in Sources */ = {isa = PBXBuildFile; fileRef = 4617B76F29BCE83200F65833 /* 957-Prison Cells After N Days .swift */; };
		46185DC429608CDF00CF9A5A /* Branch Sums.swift in Sources */ = {isa = PBXBuildFile; fileRef = 46185DC329608CDF00CF9A5A /* Branch Sums.swift */; };
		46185DC829608D6900CF9A5A /* BinaryTree.swift in Sources */ = {isa = PBXBuildFile; fileRef = 46185DC729608D6900CF9A5A /* BinaryTree.swift */; };
		46185DCA296098DC00CF9A5A /* Node Depths.swift in Sources */ = {isa = PBXBuildFile; fileRef = 46185DC9296098DC00CF9A5A /* Node Depths.swift */; };
		46185DCC2962854C00CF9A5A /* A* Algorithm.swift in Sources */ = {isa = PBXBuildFile; fileRef = 46185DCB2962854C00CF9A5A /* A* Algorithm.swift */; };
		46185DD02962856C00CF9A5A /* Famous Algorithms.swift in Sources */ = {isa = PBXBuildFile; fileRef = 46185DCF2962856C00CF9A5A /* Famous Algorithms.swift */; };
		46185DD229628AB100CF9A5A /* Greedy Algorithms.swift in Sources */ = {isa = PBXBuildFile; fileRef = 46185DD129628AB100CF9A5A /* Greedy Algorithms.swift */; };
		465370872625FA36007631C8 /* Validate BST.swift in Sources */ = {isa = PBXBuildFile; fileRef = 465370862625FA36007631C8 /* Validate BST.swift */; };
		46548D292622E6E8000F9CA7 /* Merge Overlapping Intervals.swift in Sources */ = {isa = PBXBuildFile; fileRef = 46548D282622E6E8000F9CA7 /* Merge Overlapping Intervals.swift */; };
		46548D2F2622EB40000F9CA7 /* Find Closest Value In BST.swift in Sources */ = {isa = PBXBuildFile; fileRef = 46548D2E2622EB40000F9CA7 /* Find Closest Value In BST.swift */; };
		46548D3426231199000F9CA7 /* Subarray Sort.swift in Sources */ = {isa = PBXBuildFile; fileRef = 46548D3326231199000F9CA7 /* Subarray Sort.swift */; };
		46548D3726232A7A000F9CA7 /* Largest Range.swift in Sources */ = {isa = PBXBuildFile; fileRef = 46548D3626232A7A000F9CA7 /* Largest Range.swift */; };
		46548D3A26233D2F000F9CA7 /* Min Rewards.swift in Sources */ = {isa = PBXBuildFile; fileRef = 46548D3926233D2F000F9CA7 /* Min Rewards.swift */; };
		46B4BA0529BD0828007856D0 /* 107-Binary Tree Level Order Traversal II .swift in Sources */ = {isa = PBXBuildFile; fileRef = 46B4BA0429BD0828007856D0 /* 107-Binary Tree Level Order Traversal II .swift */; };
		46B4BA0829BD0C85007856D0 /* 264-Ugly Number II .swift in Sources */ = {isa = PBXBuildFile; fileRef = 46B4BA0729BD0C85007856D0 /* 264-Ugly Number II .swift */; };
		46B4BA0D29BD0D9E007856D0 /* 461-Hamming Distance .swift in Sources */ = {isa = PBXBuildFile; fileRef = 46B4BA0C29BD0D9E007856D0 /* 461-Hamming Distance .swift */; };
		46B4BA1029BD0DC1007856D0 /* Bitwise.swift in Sources */ = {isa = PBXBuildFile; fileRef = 46B4BA0F29BD0DC1007856D0 /* Bitwise.swift */; };
		46B4BA1229BD0FA8007856D0 /* 66-Plus One .swift in Sources */ = {isa = PBXBuildFile; fileRef = 46B4BA1129BD0FA8007856D0 /* 66-Plus One .swift */; };
		46B4BA1429BD126A007856D0 /* 463-Island Perimeter .swift in Sources */ = {isa = PBXBuildFile; fileRef = 46B4BA1329BD126A007856D0 /* 463-Island Perimeter .swift */; };
		46B4BA1729BD1279007856D0 /* Matrix.swift in Sources */ = {isa = PBXBuildFile; fileRef = 46B4BA1629BD1279007856D0 /* Matrix.swift */; };
		46B4BA1929BD14C5007856D0 /* Collection+additions.swift in Sources */ = {isa = PBXBuildFile; fileRef = 46B4BA1829BD14C5007856D0 /* Collection+additions.swift */; };
		46B4BA1B29BD957D007856D0 /* 109-Convert Sorted List to Binary Search Tree.swift in Sources */ = {isa = PBXBuildFile; fileRef = 46B4BA1A29BD957D007856D0 /* 109-Convert Sorted List to Binary Search Tree.swift */; };
		46B4BA1D29BD95DC007856D0 /* ListNode.swift in Sources */ = {isa = PBXBuildFile; fileRef = 46B4BA1C29BD95DC007856D0 /* ListNode.swift */; };
		46B4BA2029BDA5C9007856D0 /* 662-Maximum Width of Binary Tree.swift in Sources */ = {isa = PBXBuildFile; fileRef = 46B4BA1F29BDA5C9007856D0 /* 662-Maximum Width of Binary Tree.swift */; };
		46B4BA2229BE5362007856D0 /* Dumpable.swift in Sources */ = {isa = PBXBuildFile; fileRef = 46B4BA2129BE5362007856D0 /* Dumpable.swift */; };
		DB187C3129E54A8300259657 /* Reverse Words In String.swift in Sources */ = {isa = PBXBuildFile; fileRef = DB187C3029E54A8300259657 /* Reverse Words In String.swift */; };
		DB352B5329D284B8001D44CB /* Palindrome Check.swift in Sources */ = {isa = PBXBuildFile; fileRef = DB352B5229D284B8001D44CB /* Palindrome Check.swift */; };
		DB352B5729D2857F001D44CB /* Strings.swift in Sources */ = {isa = PBXBuildFile; fileRef = DB352B5629D2857F001D44CB /* Strings.swift */; };
		DB352B5929D28A82001D44CB /* Caesar Cipher Encryptor.swift in Sources */ = {isa = PBXBuildFile; fileRef = DB352B5829D28A82001D44CB /* Caesar Cipher Encryptor.swift */; };
		DB371E2529E79A1F00079236 /* Permutations.swift in Sources */ = {isa = PBXBuildFile; fileRef = DB371E2429E79A1F00079236 /* Permutations.swift */; };
		DB371E2829E7F2AE00079236 /* Remove Duplicates From Linked List.swift in Sources */ = {isa = PBXBuildFile; fileRef = DB371E2729E7F2AE00079236 /* Remove Duplicates From Linked List.swift */; };
		DB371E8429E9055600079236 /* Middle Node.swift in Sources */ = {isa = PBXBuildFile; fileRef = DB371E8329E9055600079236 /* Middle Node.swift */; };
		DB371E8629E91C0F00079236 /* Binary Search.swift in Sources */ = {isa = PBXBuildFile; fileRef = DB371E8529E91C0F00079236 /* Binary Search.swift */; };
		DB371E8829E91C2500079236 /* Searching.swift in Sources */ = {isa = PBXBuildFile; fileRef = DB371E8729E91C2500079236 /* Searching.swift */; };
		DB371E9C29E94A8800079236 /* Find Three Largest Numbers.swift in Sources */ = {isa = PBXBuildFile; fileRef = DB371E9B29E94A8800079236 /* Find Three Largest Numbers.swift */; };
		DB371E9E29E94E1C00079236 /* Search In Sorted Matrix.swift in Sources */ = {isa = PBXBuildFile; fileRef = DB371E9D29E94E1C00079236 /* Search In Sorted Matrix.swift */; };
		DB376C94295D3108001E4EA8 /* Zero Sum Subarray.swift in Sources */ = {isa = PBXBuildFile; fileRef = DB376C93295D3108001E4EA8 /* Zero Sum Subarray.swift */; };
		DB376C96295D664C001E4EA8 /* Two Number Sum.swift in Sources */ = {isa = PBXBuildFile; fileRef = DB376C95295D664C001E4EA8 /* Two Number Sum.swift */; };
		DB376C9B295D6715001E4EA8 /* Validate subsequence.swift in Sources */ = {isa = PBXBuildFile; fileRef = DB376C9A295D6715001E4EA8 /* Validate subsequence.swift */; };
		DB376C9D295D6749001E4EA8 /* Sorted Squred Array.swift in Sources */ = {isa = PBXBuildFile; fileRef = DB376C9C295D6749001E4EA8 /* Sorted Squred Array.swift */; };
		DB376C9F295D69C6001E4EA8 /* ZigZag Traverse.swift in Sources */ = {isa = PBXBuildFile; fileRef = DB376C9E295D69C6001E4EA8 /* ZigZag Traverse.swift */; };
		DB376CA3295D9112001E4EA8 /* BST Traversal.swift in Sources */ = {isa = PBXBuildFile; fileRef = DB376CA2295D9111001E4EA8 /* BST Traversal.swift */; };
		DB376CA5295D920E001E4EA8 /* Min Height BST.swift in Sources */ = {isa = PBXBuildFile; fileRef = DB376CA4295D920E001E4EA8 /* Min Height BST.swift */; };
		DB376CA7295EBC09001E4EA8 /* Find Kth Largest Value In BST.swift in Sources */ = {isa = PBXBuildFile; fileRef = DB376CA6295EBC09001E4EA8 /* Find Kth Largest Value In BST.swift */; };
		DB376CA9295EBFB3001E4EA8 /* Reconstruct BST.swift in Sources */ = {isa = PBXBuildFile; fileRef = DB376CA8295EBFB3001E4EA8 /* Reconstruct BST.swift */; };
		DB4A5ACE2625933700251CB9 /* BST Construction.swift in Sources */ = {isa = PBXBuildFile; fileRef = DB4A5ACD2625933700251CB9 /* BST Construction.swift */; };
		DB53B6E429E3A6540028E2CF /* Longest Palindromic Substring.swift in Sources */ = {isa = PBXBuildFile; fileRef = DB53B6E329E3A6540028E2CF /* Longest Palindromic Substring.swift */; };
		DB53B6E729E3B8B10028E2CF /* Common Characters.swift in Sources */ = {isa = PBXBuildFile; fileRef = DB53B6E629E3B8B10028E2CF /* Common Characters.swift */; };
		DB6F19272611D185000FD1BD /* main.swift in Sources */ = {isa = PBXBuildFile; fileRef = DB6F19262611D185000FD1BD /* main.swift */; };
		DB6F1947261BFE37000FD1BD /* First Duplicate Value.swift in Sources */ = {isa = PBXBuildFile; fileRef = DB6F1946261BFE37000FD1BD /* First Duplicate Value.swift */; };
		DB6F194B261C045D000FD1BD /* Program.swift in Sources */ = {isa = PBXBuildFile; fileRef = DB6F194A261C045D000FD1BD /* Program.swift */; };
		DB6F194F261C0DE5000FD1BD /* Longest Peak.swift in Sources */ = {isa = PBXBuildFile; fileRef = DB6F194E261C0DE5000FD1BD /* Longest Peak.swift */; };
		DB718A0B29E507ED00D72D60 /* Valid IP Address.swift in Sources */ = {isa = PBXBuildFile; fileRef = DB718A0A29E507ED00D72D60 /* Valid IP Address.swift */; };
		DB9BF50327759EE500683590 /* Nth Fibonacci.swift in Sources */ = {isa = PBXBuildFile; fileRef = DB9BF50227759EE500683590 /* Nth Fibonacci.swift */; };
		DB9BF50627759F1A00683590 /* Recursion.swift in Sources */ = {isa = PBXBuildFile; fileRef = DB9BF50527759F1A00683590 /* Recursion.swift */; };
		DB9BF5082775ACFA00683590 /* Product Sum.swift in Sources */ = {isa = PBXBuildFile; fileRef = DB9BF5072775ACFA00683590 /* Product Sum.swift */; };
		DBA618842625364200F4987A /* TreeNode.swift in Sources */ = {isa = PBXBuildFile; fileRef = DBA618832625364200F4987A /* TreeNode.swift */; };
		DBA618892625441100F4987A /* BinarySearchTree.swift in Sources */ = {isa = PBXBuildFile; fileRef = DBA618882625441100F4987A /* BinarySearchTree.swift */; };
		DBA6188C2625666500F4987A /* Arrays.swift in Sources */ = {isa = PBXBuildFile; fileRef = DBA6188B2625666500F4987A /* Arrays.swift */; };
		DBA61892262568DF00F4987A /* Minimum Waiting Time.swift in Sources */ = {isa = PBXBuildFile; fileRef = DBA61891262568DF00F4987A /* Minimum Waiting Time.swift */; };
		DBCDC6AD29E661C800C2D611 /* Minimum Characters For Words.swift in Sources */ = {isa = PBXBuildFile; fileRef = DBCDC6AC29E661C800C2D611 /* Minimum Characters For Words.swift */; };
		DBCDC6AF29E6667200C2D611 /* Group Anagrams.swift in Sources */ = {isa = PBXBuildFile; fileRef = DBCDC6AE29E6667200C2D611 /* Group Anagrams.swift */; };
		DBE4A9A129DECA1500EC186F /* Run-Length Encoding.swift in Sources */ = {isa = PBXBuildFile; fileRef = DBE4A9A029DECA1500EC186F /* Run-Length Encoding.swift */; };
		DBE4A9A329DED0DF00EC186F /* Generate Document.swift in Sources */ = {isa = PBXBuildFile; fileRef = DBE4A9A229DED0DF00EC186F /* Generate Document.swift */; };
		DBE4A9A529DFB32500EC186F /* First Non-Repeating Character.swift in Sources */ = {isa = PBXBuildFile; fileRef = DBE4A9A429DFB32500EC186F /* First Non-Repeating Character.swift */; };
		DBE4A9A729DFB4B600EC186F /* Semordnilap.swift in Sources */ = {isa = PBXBuildFile; fileRef = DBE4A9A629DFB4B600EC186F /* Semordnilap.swift */; };
/* End PBXBuildFile section */

/* Begin PBXCopyFilesBuildPhase section */
		DB6F19212611D185000FD1BD /* CopyFiles */ = {
			isa = PBXCopyFilesBuildPhase;
			buildActionMask = 2147483647;
			dstPath = /usr/share/man/man1/;
			dstSubfolderSpec = 0;
			files = (
			);
			runOnlyForDeploymentPostprocessing = 1;
		};
/* End PBXCopyFilesBuildPhase section */

/* Begin PBXFileReference section */
		4600D962261E2CD70032BE3A /* Move Element To End.swift */ = {isa = PBXFileReference; fileEncoding = 4; lastKnownFileType = sourcecode.swift; path = "Move Element To End.swift"; sourceTree = "<group>"; };
		4600D963261E2CD70032BE3A /* Array Of Products.swift */ = {isa = PBXFileReference; fileEncoding = 4; lastKnownFileType = sourcecode.swift; path = "Array Of Products.swift"; sourceTree = "<group>"; };
		4600D965261E2CD70032BE3A /* Non-Constructible Change.swift */ = {isa = PBXFileReference; fileEncoding = 4; lastKnownFileType = sourcecode.swift; path = "Non-Constructible Change.swift"; sourceTree = "<group>"; };
		4600D967261E2CD70032BE3A /* Spiral Traverse.swift */ = {isa = PBXFileReference; fileEncoding = 4; lastKnownFileType = sourcecode.swift; path = "Spiral Traverse.swift"; sourceTree = "<group>"; };
		4600D968261E2CD70032BE3A /* Three Number Sum.swift */ = {isa = PBXFileReference; fileEncoding = 4; lastKnownFileType = sourcecode.swift; path = "Three Number Sum.swift"; sourceTree = "<group>"; };
		4600D96A261E2CD80032BE3A /* Tournament Winner.swift */ = {isa = PBXFileReference; fileEncoding = 4; lastKnownFileType = sourcecode.swift; path = "Tournament Winner.swift"; sourceTree = "<group>"; };
		4600D96B261E2CD80032BE3A /* Monotonic Array.swift */ = {isa = PBXFileReference; fileEncoding = 4; lastKnownFileType = sourcecode.swift; path = "Monotonic Array.swift"; sourceTree = "<group>"; };
		4600D96C261E2CD80032BE3A /* Smallest Difference.swift */ = {isa = PBXFileReference; fileEncoding = 4; lastKnownFileType = sourcecode.swift; path = "Smallest Difference.swift"; sourceTree = "<group>"; };
		4600D97F261E2E420032BE3A /* Four Number Sum.swift */ = {isa = PBXFileReference; lastKnownFileType = sourcecode.swift; path = "Four Number Sum.swift"; sourceTree = "<group>"; };
		4617B74C29BCE6C700F65833 /* 2-Validate Subsequence.js */ = {isa = PBXFileReference; fileEncoding = 4; lastKnownFileType = sourcecode.javascript; path = "2-Validate Subsequence.js"; sourceTree = "<group>"; };
		4617B74D29BCE6C700F65833 /* 3-Sorted Squared Array.js */ = {isa = PBXFileReference; fileEncoding = 4; lastKnownFileType = sourcecode.javascript; path = "3-Sorted Squared Array.js"; sourceTree = "<group>"; };
		4617B74E29BCE6C700F65833 /* 1-Two Number Sum.js */ = {isa = PBXFileReference; fileEncoding = 4; lastKnownFileType = sourcecode.javascript; path = "1-Two Number Sum.js"; sourceTree = "<group>"; };
		4617B74F29BCE6C700F65833 /* 5-Non-Constructable Change.js */ = {isa = PBXFileReference; fileEncoding = 4; lastKnownFileType = sourcecode.javascript; path = "5-Non-Constructable Change.js"; sourceTree = "<group>"; };
		4617B75029BCE6C700F65833 /* 8-Move Element To End.js */ = {isa = PBXFileReference; fileEncoding = 4; lastKnownFileType = sourcecode.javascript; path = "8-Move Element To End.js"; sourceTree = "<group>"; };
		4617B75329BCE6C700F65833 /* Remove Duplicates from Sorted Array.js */ = {isa = PBXFileReference; fileEncoding = 4; lastKnownFileType = sourcecode.javascript; path = "Remove Duplicates from Sorted Array.js"; sourceTree = "<group>"; };
		4617B75629BCE6C700F65833 /* 4-BST Traversal.py */ = {isa = PBXFileReference; fileEncoding = 4; lastKnownFileType = text.script.python; path = "4-BST Traversal.py"; sourceTree = "<group>"; };
		4617B75729BCE6C700F65833 /* 1-Find Closest Value In BST.py */ = {isa = PBXFileReference; fileEncoding = 4; lastKnownFileType = text.script.python; path = "1-Find Closest Value In BST.py"; sourceTree = "<group>"; };
		4617B75829BCE6C700F65833 /* 3-Validate BST.py */ = {isa = PBXFileReference; fileEncoding = 4; lastKnownFileType = text.script.python; path = "3-Validate BST.py"; sourceTree = "<group>"; };
		4617B75929BCE6C700F65833 /* 5-Min Height BST.py */ = {isa = PBXFileReference; fileEncoding = 4; lastKnownFileType = text.script.python; path = "5-Min Height BST.py"; sourceTree = "<group>"; };
		4617B75B29BCE6C700F65833 /* BST.py */ = {isa = PBXFileReference; fileEncoding = 4; lastKnownFileType = text.script.python; path = BST.py; sourceTree = "<group>"; };
		4617B75D29BCE6C700F65833 /* 9-Monotonic Array.py */ = {isa = PBXFileReference; fileEncoding = 4; lastKnownFileType = text.script.python; path = "9-Monotonic Array.py"; sourceTree = "<group>"; };
		4617B75E29BCE6C700F65833 /* 7-Smallest Difference.py */ = {isa = PBXFileReference; fileEncoding = 4; lastKnownFileType = text.script.python; path = "7-Smallest Difference.py"; sourceTree = "<group>"; };
		4617B75F29BCE6C700F65833 /* 6-Three Number Sum.py */ = {isa = PBXFileReference; fileEncoding = 4; lastKnownFileType = text.script.python; path = "6-Three Number Sum.py"; sourceTree = "<group>"; };
		4617B76029BCE6C700F65833 /* 2-Validate Subsequence.py */ = {isa = PBXFileReference; fileEncoding = 4; lastKnownFileType = text.script.python; path = "2-Validate Subsequence.py"; sourceTree = "<group>"; };
		4617B76129BCE6C700F65833 /* 5-Non-Constructable Change.py */ = {isa = PBXFileReference; fileEncoding = 4; lastKnownFileType = text.script.python; path = "5-Non-Constructable Change.py"; sourceTree = "<group>"; };
		4617B76229BCE6C700F65833 /* 15-Four Number Sum.py */ = {isa = PBXFileReference; fileEncoding = 4; lastKnownFileType = text.script.python; path = "15-Four Number Sum.py"; sourceTree = "<group>"; };
		4617B76329BCE6C700F65833 /* 10-Spiral Traverse.py */ = {isa = PBXFileReference; fileEncoding = 4; lastKnownFileType = text.script.python; path = "10-Spiral Traverse.py"; sourceTree = "<group>"; };
		4617B76429BCE6C700F65833 /* 4-Tournment Winner.py */ = {isa = PBXFileReference; fileEncoding = 4; lastKnownFileType = text.script.python; path = "4-Tournment Winner.py"; sourceTree = "<group>"; };
		4617B76529BCE6C700F65833 /* 8-Move Element To End.py */ = {isa = PBXFileReference; fileEncoding = 4; lastKnownFileType = text.script.python; path = "8-Move Element To End.py"; sourceTree = "<group>"; };
		4617B76629BCE6C700F65833 /* 1-Two Nubmer Sum.py */ = {isa = PBXFileReference; fileEncoding = 4; lastKnownFileType = text.script.python; path = "1-Two Nubmer Sum.py"; sourceTree = "<group>"; };
		4617B76729BCE6C700F65833 /* 11-Longest Peak.py */ = {isa = PBXFileReference; fileEncoding = 4; lastKnownFileType = text.script.python; path = "11-Longest Peak.py"; sourceTree = "<group>"; };
		4617B76829BCE6C700F65833 /* 14-Merge Overlapping Intervals.py */ = {isa = PBXFileReference; fileEncoding = 4; lastKnownFileType = text.script.python; path = "14-Merge Overlapping Intervals.py"; sourceTree = "<group>"; };
		4617B76929BCE6C700F65833 /* 3-Sorted Squared Array.py */ = {isa = PBXFileReference; fileEncoding = 4; lastKnownFileType = text.script.python; path = "3-Sorted Squared Array.py"; sourceTree = "<group>"; };
		4617B76A29BCE6C700F65833 /* 13-First Duplicate Value.py */ = {isa = PBXFileReference; fileEncoding = 4; lastKnownFileType = text.script.python; path = "13-First Duplicate Value.py"; sourceTree = "<group>"; };
		4617B76B29BCE6C700F65833 /* 12-Array Of Products.py */ = {isa = PBXFileReference; fileEncoding = 4; lastKnownFileType = text.script.python; path = "12-Array Of Products.py"; sourceTree = "<group>"; };
		4617B76E29BCE6C700F65833 /* LinkedList.py */ = {isa = PBXFileReference; fileEncoding = 4; lastKnownFileType = text.script.python; path = LinkedList.py; sourceTree = "<group>"; };
		4617B76F29BCE83200F65833 /* 957-Prison Cells After N Days .swift */ = {isa = PBXFileReference; lastKnownFileType = sourcecode.swift; path = "957-Prison Cells After N Days .swift"; sourceTree = "<group>"; };
		46185DC329608CDF00CF9A5A /* Branch Sums.swift */ = {isa = PBXFileReference; lastKnownFileType = sourcecode.swift; path = "Branch Sums.swift"; sourceTree = "<group>"; };
		46185DC729608D6900CF9A5A /* BinaryTree.swift */ = {isa = PBXFileReference; lastKnownFileType = sourcecode.swift; path = BinaryTree.swift; sourceTree = "<group>"; };
		46185DC9296098DC00CF9A5A /* Node Depths.swift */ = {isa = PBXFileReference; lastKnownFileType = sourcecode.swift; path = "Node Depths.swift"; sourceTree = "<group>"; };
		46185DCB2962854C00CF9A5A /* A* Algorithm.swift */ = {isa = PBXFileReference; lastKnownFileType = sourcecode.swift; path = "A* Algorithm.swift"; sourceTree = "<group>"; };
		46185DCF2962856C00CF9A5A /* Famous Algorithms.swift */ = {isa = PBXFileReference; lastKnownFileType = sourcecode.swift; path = "Famous Algorithms.swift"; sourceTree = "<group>"; };
		46185DD129628AB100CF9A5A /* Greedy Algorithms.swift */ = {isa = PBXFileReference; lastKnownFileType = sourcecode.swift; path = "Greedy Algorithms.swift"; sourceTree = "<group>"; };
		465370862625FA36007631C8 /* Validate BST.swift */ = {isa = PBXFileReference; lastKnownFileType = sourcecode.swift; path = "Validate BST.swift"; sourceTree = "<group>"; };
		46548D282622E6E8000F9CA7 /* Merge Overlapping Intervals.swift */ = {isa = PBXFileReference; fileEncoding = 4; lastKnownFileType = sourcecode.swift; path = "Merge Overlapping Intervals.swift"; sourceTree = "<group>"; };
		46548D2E2622EB40000F9CA7 /* Find Closest Value In BST.swift */ = {isa = PBXFileReference; lastKnownFileType = sourcecode.swift; path = "Find Closest Value In BST.swift"; sourceTree = "<group>"; };
		46548D3326231199000F9CA7 /* Subarray Sort.swift */ = {isa = PBXFileReference; lastKnownFileType = sourcecode.swift; path = "Subarray Sort.swift"; sourceTree = "<group>"; };
		46548D3626232A7A000F9CA7 /* Largest Range.swift */ = {isa = PBXFileReference; lastKnownFileType = sourcecode.swift; path = "Largest Range.swift"; sourceTree = "<group>"; };
		46548D3926233D2F000F9CA7 /* Min Rewards.swift */ = {isa = PBXFileReference; lastKnownFileType = sourcecode.swift; path = "Min Rewards.swift"; sourceTree = "<group>"; };
		46B4BA0429BD0828007856D0 /* 107-Binary Tree Level Order Traversal II .swift */ = {isa = PBXFileReference; lastKnownFileType = sourcecode.swift; path = "107-Binary Tree Level Order Traversal II .swift"; sourceTree = "<group>"; };
		46B4BA0729BD0C85007856D0 /* 264-Ugly Number II .swift */ = {isa = PBXFileReference; lastKnownFileType = sourcecode.swift; path = "264-Ugly Number II .swift"; sourceTree = "<group>"; };
		46B4BA0C29BD0D9E007856D0 /* 461-Hamming Distance .swift */ = {isa = PBXFileReference; lastKnownFileType = sourcecode.swift; path = "461-Hamming Distance .swift"; sourceTree = "<group>"; };
		46B4BA0F29BD0DC1007856D0 /* Bitwise.swift */ = {isa = PBXFileReference; lastKnownFileType = sourcecode.swift; path = Bitwise.swift; sourceTree = "<group>"; };
		46B4BA1129BD0FA8007856D0 /* 66-Plus One .swift */ = {isa = PBXFileReference; lastKnownFileType = sourcecode.swift; path = "66-Plus One .swift"; sourceTree = "<group>"; };
		46B4BA1329BD126A007856D0 /* 463-Island Perimeter .swift */ = {isa = PBXFileReference; lastKnownFileType = sourcecode.swift; path = "463-Island Perimeter .swift"; sourceTree = "<group>"; };
		46B4BA1629BD1279007856D0 /* Matrix.swift */ = {isa = PBXFileReference; lastKnownFileType = sourcecode.swift; path = Matrix.swift; sourceTree = "<group>"; };
		46B4BA1829BD14C5007856D0 /* Collection+additions.swift */ = {isa = PBXFileReference; lastKnownFileType = sourcecode.swift; path = "Collection+additions.swift"; sourceTree = "<group>"; };
		46B4BA1A29BD957D007856D0 /* 109-Convert Sorted List to Binary Search Tree.swift */ = {isa = PBXFileReference; lastKnownFileType = sourcecode.swift; path = "109-Convert Sorted List to Binary Search Tree.swift"; sourceTree = "<group>"; };
		46B4BA1C29BD95DC007856D0 /* ListNode.swift */ = {isa = PBXFileReference; lastKnownFileType = sourcecode.swift; path = ListNode.swift; sourceTree = "<group>"; };
		46B4BA1F29BDA5C9007856D0 /* 662-Maximum Width of Binary Tree.swift */ = {isa = PBXFileReference; lastKnownFileType = sourcecode.swift; path = "662-Maximum Width of Binary Tree.swift"; sourceTree = "<group>"; };
		46B4BA2129BE5362007856D0 /* Dumpable.swift */ = {isa = PBXFileReference; lastKnownFileType = sourcecode.swift; path = Dumpable.swift; sourceTree = "<group>"; };
		DB187C3029E54A8300259657 /* Reverse Words In String.swift */ = {isa = PBXFileReference; lastKnownFileType = sourcecode.swift; path = "Reverse Words In String.swift"; sourceTree = "<group>"; };
		DB352B5229D284B8001D44CB /* Palindrome Check.swift */ = {isa = PBXFileReference; lastKnownFileType = sourcecode.swift; path = "Palindrome Check.swift"; sourceTree = "<group>"; };
		DB352B5629D2857F001D44CB /* Strings.swift */ = {isa = PBXFileReference; lastKnownFileType = sourcecode.swift; path = Strings.swift; sourceTree = "<group>"; };
		DB352B5829D28A82001D44CB /* Caesar Cipher Encryptor.swift */ = {isa = PBXFileReference; lastKnownFileType = sourcecode.swift; path = "Caesar Cipher Encryptor.swift"; sourceTree = "<group>"; };
		DB371E2429E79A1F00079236 /* Permutations.swift */ = {isa = PBXFileReference; lastKnownFileType = sourcecode.swift; path = Permutations.swift; sourceTree = "<group>"; };
		DB371E2729E7F2AE00079236 /* Remove Duplicates From Linked List.swift */ = {isa = PBXFileReference; lastKnownFileType = sourcecode.swift; path = "Remove Duplicates From Linked List.swift"; sourceTree = "<group>"; };
		DB371E8329E9055600079236 /* Middle Node.swift */ = {isa = PBXFileReference; lastKnownFileType = sourcecode.swift; path = "Middle Node.swift"; sourceTree = "<group>"; };
		DB371E8529E91C0F00079236 /* Binary Search.swift */ = {isa = PBXFileReference; lastKnownFileType = sourcecode.swift; path = "Binary Search.swift"; sourceTree = "<group>"; };
		DB371E8729E91C2500079236 /* Searching.swift */ = {isa = PBXFileReference; lastKnownFileType = sourcecode.swift; path = Searching.swift; sourceTree = "<group>"; };
		DB371E9B29E94A8800079236 /* Find Three Largest Numbers.swift */ = {isa = PBXFileReference; lastKnownFileType = sourcecode.swift; path = "Find Three Largest Numbers.swift"; sourceTree = "<group>"; };
		DB371E9D29E94E1C00079236 /* Search In Sorted Matrix.swift */ = {isa = PBXFileReference; lastKnownFileType = sourcecode.swift; path = "Search In Sorted Matrix.swift"; sourceTree = "<group>"; };
		DB376C93295D3108001E4EA8 /* Zero Sum Subarray.swift */ = {isa = PBXFileReference; lastKnownFileType = sourcecode.swift; path = "Zero Sum Subarray.swift"; sourceTree = "<group>"; };
		DB376C95295D664C001E4EA8 /* Two Number Sum.swift */ = {isa = PBXFileReference; lastKnownFileType = sourcecode.swift; path = "Two Number Sum.swift"; sourceTree = "<group>"; };
		DB376C9A295D6715001E4EA8 /* Validate subsequence.swift */ = {isa = PBXFileReference; lastKnownFileType = sourcecode.swift; path = "Validate subsequence.swift"; sourceTree = "<group>"; };
		DB376C9C295D6749001E4EA8 /* Sorted Squred Array.swift */ = {isa = PBXFileReference; lastKnownFileType = sourcecode.swift; path = "Sorted Squred Array.swift"; sourceTree = "<group>"; };
		DB376C9E295D69C6001E4EA8 /* ZigZag Traverse.swift */ = {isa = PBXFileReference; lastKnownFileType = sourcecode.swift; path = "ZigZag Traverse.swift"; sourceTree = "<group>"; };
		DB376CA2295D9111001E4EA8 /* BST Traversal.swift */ = {isa = PBXFileReference; lastKnownFileType = sourcecode.swift; path = "BST Traversal.swift"; sourceTree = "<group>"; };
		DB376CA4295D920E001E4EA8 /* Min Height BST.swift */ = {isa = PBXFileReference; lastKnownFileType = sourcecode.swift; path = "Min Height BST.swift"; sourceTree = "<group>"; };
		DB376CA6295EBC09001E4EA8 /* Find Kth Largest Value In BST.swift */ = {isa = PBXFileReference; lastKnownFileType = sourcecode.swift; path = "Find Kth Largest Value In BST.swift"; sourceTree = "<group>"; };
		DB376CA8295EBFB3001E4EA8 /* Reconstruct BST.swift */ = {isa = PBXFileReference; lastKnownFileType = sourcecode.swift; path = "Reconstruct BST.swift"; sourceTree = "<group>"; };
		DB4A5ACD2625933700251CB9 /* BST Construction.swift */ = {isa = PBXFileReference; lastKnownFileType = sourcecode.swift; path = "BST Construction.swift"; sourceTree = "<group>"; };
		DB53B6E329E3A6540028E2CF /* Longest Palindromic Substring.swift */ = {isa = PBXFileReference; lastKnownFileType = sourcecode.swift; path = "Longest Palindromic Substring.swift"; sourceTree = "<group>"; };
		DB53B6E629E3B8B10028E2CF /* Common Characters.swift */ = {isa = PBXFileReference; lastKnownFileType = sourcecode.swift; path = "Common Characters.swift"; sourceTree = "<group>"; };
		DB6F19232611D185000FD1BD /* AlgoExpert */ = {isa = PBXFileReference; explicitFileType = "compiled.mach-o.executable"; includeInIndex = 0; path = AlgoExpert; sourceTree = BUILT_PRODUCTS_DIR; };
		DB6F19262611D185000FD1BD /* main.swift */ = {isa = PBXFileReference; lastKnownFileType = sourcecode.swift; path = main.swift; sourceTree = "<group>"; };
		DB6F1946261BFE37000FD1BD /* First Duplicate Value.swift */ = {isa = PBXFileReference; lastKnownFileType = sourcecode.swift; path = "First Duplicate Value.swift"; sourceTree = "<group>"; };
		DB6F194A261C045D000FD1BD /* Program.swift */ = {isa = PBXFileReference; lastKnownFileType = sourcecode.swift; path = Program.swift; sourceTree = "<group>"; };
		DB6F194E261C0DE5000FD1BD /* Longest Peak.swift */ = {isa = PBXFileReference; lastKnownFileType = sourcecode.swift; path = "Longest Peak.swift"; sourceTree = "<group>"; };
		DB718A0A29E507ED00D72D60 /* Valid IP Address.swift */ = {isa = PBXFileReference; lastKnownFileType = sourcecode.swift; path = "Valid IP Address.swift"; sourceTree = "<group>"; };
		DB9BF50227759EE500683590 /* Nth Fibonacci.swift */ = {isa = PBXFileReference; lastKnownFileType = sourcecode.swift; path = "Nth Fibonacci.swift"; sourceTree = "<group>"; };
		DB9BF50527759F1A00683590 /* Recursion.swift */ = {isa = PBXFileReference; lastKnownFileType = sourcecode.swift; path = Recursion.swift; sourceTree = "<group>"; };
		DB9BF5072775ACFA00683590 /* Product Sum.swift */ = {isa = PBXFileReference; lastKnownFileType = sourcecode.swift; path = "Product Sum.swift"; sourceTree = "<group>"; };
		DBA618832625364200F4987A /* TreeNode.swift */ = {isa = PBXFileReference; lastKnownFileType = sourcecode.swift; path = TreeNode.swift; sourceTree = "<group>"; };
		DBA618882625441100F4987A /* BinarySearchTree.swift */ = {isa = PBXFileReference; lastKnownFileType = sourcecode.swift; path = BinarySearchTree.swift; sourceTree = "<group>"; };
		DBA6188B2625666500F4987A /* Arrays.swift */ = {isa = PBXFileReference; lastKnownFileType = sourcecode.swift; path = Arrays.swift; sourceTree = "<group>"; };
		DBA61891262568DF00F4987A /* Minimum Waiting Time.swift */ = {isa = PBXFileReference; lastKnownFileType = sourcecode.swift; path = "Minimum Waiting Time.swift"; sourceTree = "<group>"; };
		DBCDC6AC29E661C800C2D611 /* Minimum Characters For Words.swift */ = {isa = PBXFileReference; lastKnownFileType = sourcecode.swift; path = "Minimum Characters For Words.swift"; sourceTree = "<group>"; };
		DBCDC6AE29E6667200C2D611 /* Group Anagrams.swift */ = {isa = PBXFileReference; lastKnownFileType = sourcecode.swift; path = "Group Anagrams.swift"; sourceTree = "<group>"; };
		DBE4A9A029DECA1500EC186F /* Run-Length Encoding.swift */ = {isa = PBXFileReference; lastKnownFileType = sourcecode.swift; path = "Run-Length Encoding.swift"; sourceTree = "<group>"; };
		DBE4A9A229DED0DF00EC186F /* Generate Document.swift */ = {isa = PBXFileReference; lastKnownFileType = sourcecode.swift; path = "Generate Document.swift"; sourceTree = "<group>"; };
		DBE4A9A429DFB32500EC186F /* First Non-Repeating Character.swift */ = {isa = PBXFileReference; lastKnownFileType = sourcecode.swift; path = "First Non-Repeating Character.swift"; sourceTree = "<group>"; };
		DBE4A9A629DFB4B600EC186F /* Semordnilap.swift */ = {isa = PBXFileReference; lastKnownFileType = sourcecode.swift; path = Semordnilap.swift; sourceTree = "<group>"; };
/* End PBXFileReference section */

/* Begin PBXFrameworksBuildPhase section */
		DB6F19202611D185000FD1BD /* Frameworks */ = {
			isa = PBXFrameworksBuildPhase;
			buildActionMask = 2147483647;
			files = (
			);
			runOnlyForDeploymentPostprocessing = 0;
		};
/* End PBXFrameworksBuildPhase section */

/* Begin PBXGroup section */
		4617B74B29BCE6C700F65833 /* AlgoExpertJS */ = {
			isa = PBXGroup;
			children = (
				4617B74C29BCE6C700F65833 /* 2-Validate Subsequence.js */,
				4617B74D29BCE6C700F65833 /* 3-Sorted Squared Array.js */,
				4617B74E29BCE6C700F65833 /* 1-Two Number Sum.js */,
				4617B74F29BCE6C700F65833 /* 5-Non-Constructable Change.js */,
				4617B75029BCE6C700F65833 /* 8-Move Element To End.js */,
			);
			path = AlgoExpertJS;
			sourceTree = SOURCE_ROOT;
		};
		4617B75129BCE6C700F65833 /* LeetCode */ = {
			isa = PBXGroup;
			children = (
				4617B75229BCE6C700F65833 /* JS */,
			);
			path = LeetCode;
			sourceTree = SOURCE_ROOT;
		};
		4617B75229BCE6C700F65833 /* JS */ = {
			isa = PBXGroup;
			children = (
				4617B75329BCE6C700F65833 /* Remove Duplicates from Sorted Array.js */,
			);
			path = JS;
			sourceTree = "<group>";
		};
		4617B75429BCE6C700F65833 /* AlgoExpertPy */ = {
			isa = PBXGroup;
			children = (
				4617B75529BCE6C700F65833 /* Binary Search Trees.py */,
				4617B75C29BCE6C700F65833 /* Arrays */,
				4617B76C29BCE6C700F65833 /* Linked List */,
			);
			path = AlgoExpertPy;
			sourceTree = SOURCE_ROOT;
		};
		4617B75529BCE6C700F65833 /* Binary Search Trees.py */ = {
			isa = PBXGroup;
			children = (
				4617B75629BCE6C700F65833 /* 4-BST Traversal.py */,
				4617B75729BCE6C700F65833 /* 1-Find Closest Value In BST.py */,
				4617B75829BCE6C700F65833 /* 3-Validate BST.py */,
				4617B75929BCE6C700F65833 /* 5-Min Height BST.py */,
				4617B75A29BCE6C700F65833 /* BST */,
			);
			path = "Binary Search Trees.py";
			sourceTree = "<group>";
		};
		4617B75A29BCE6C700F65833 /* BST */ = {
			isa = PBXGroup;
			children = (
				4617B75B29BCE6C700F65833 /* BST.py */,
			);
			path = BST;
			sourceTree = "<group>";
		};
		4617B75C29BCE6C700F65833 /* Arrays */ = {
			isa = PBXGroup;
			children = (
				4617B75D29BCE6C700F65833 /* 9-Monotonic Array.py */,
				4617B75E29BCE6C700F65833 /* 7-Smallest Difference.py */,
				4617B75F29BCE6C700F65833 /* 6-Three Number Sum.py */,
				4617B76029BCE6C700F65833 /* 2-Validate Subsequence.py */,
				4617B76129BCE6C700F65833 /* 5-Non-Constructable Change.py */,
				4617B76229BCE6C700F65833 /* 15-Four Number Sum.py */,
				4617B76329BCE6C700F65833 /* 10-Spiral Traverse.py */,
				4617B76429BCE6C700F65833 /* 4-Tournment Winner.py */,
				4617B76529BCE6C700F65833 /* 8-Move Element To End.py */,
				4617B76629BCE6C700F65833 /* 1-Two Nubmer Sum.py */,
				4617B76729BCE6C700F65833 /* 11-Longest Peak.py */,
				4617B76829BCE6C700F65833 /* 14-Merge Overlapping Intervals.py */,
				4617B76929BCE6C700F65833 /* 3-Sorted Squared Array.py */,
				4617B76A29BCE6C700F65833 /* 13-First Duplicate Value.py */,
				4617B76B29BCE6C700F65833 /* 12-Array Of Products.py */,
			);
			path = Arrays;
			sourceTree = "<group>";
		};
		4617B76C29BCE6C700F65833 /* Linked List */ = {
			isa = PBXGroup;
			children = (
				4617B76D29BCE6C700F65833 /* LinkedList */,
			);
			path = "Linked List";
			sourceTree = "<group>";
		};
		4617B76D29BCE6C700F65833 /* LinkedList */ = {
			isa = PBXGroup;
			children = (
				4617B76E29BCE6C700F65833 /* LinkedList.py */,
			);
			path = LinkedList;
			sourceTree = "<group>";
		};
		46185DC529608CE500CF9A5A /* Binary Trees */ = {
			isa = PBXGroup;
			children = (
				46185DC729608D6900CF9A5A /* BinaryTree.swift */,
				46185DC629608CEE00CF9A5A /* Easy */,
				46B4BA0629BD08A3007856D0 /* Medium */,
			);
			path = "Binary Trees";
			sourceTree = "<group>";
		};
		46185DC629608CEE00CF9A5A /* Easy */ = {
			isa = PBXGroup;
			children = (
				46185DC329608CDF00CF9A5A /* Branch Sums.swift */,
				46185DC9296098DC00CF9A5A /* Node Depths.swift */,
			);
			path = Easy;
			sourceTree = "<group>";
		};
		46185DCD2962855500CF9A5A /* Famous Algorithms */ = {
			isa = PBXGroup;
			children = (
				46185DCF2962856C00CF9A5A /* Famous Algorithms.swift */,
				46185DCE2962855F00CF9A5A /* Very Hard */,
			);
			path = "Famous Algorithms";
			sourceTree = "<group>";
		};
		46185DCE2962855F00CF9A5A /* Very Hard */ = {
			isa = PBXGroup;
			children = (
				46185DCB2962854C00CF9A5A /* A* Algorithm.swift */,
			);
			path = "Very Hard";
			sourceTree = "<group>";
		};
		46185DD329628ABF00CF9A5A /* Greedy Algorithms */ = {
			isa = PBXGroup;
			children = (
				46185DD129628AB100CF9A5A /* Greedy Algorithms.swift */,
				46185DD429628AF200CF9A5A /* Easy */,
			);
			path = "Greedy Algorithms";
			sourceTree = "<group>";
		};
		46185DD429628AF200CF9A5A /* Easy */ = {
			isa = PBXGroup;
			children = (
				DBA61891262568DF00F4987A /* Minimum Waiting Time.swift */,
			);
			path = Easy;
			sourceTree = "<group>";
		};
		46548D2C2622EB21000F9CA7 /* Arrays */ = {
			isa = PBXGroup;
			children = (
				DBA6188B2625666500F4987A /* Arrays.swift */,
				DB376C97295D6699001E4EA8 /* Easy */,
				DB376C98295D66B5001E4EA8 /* Medium */,
				DB376C99295D66E2001E4EA8 /* Hard */,
			);
			path = Arrays;
			sourceTree = "<group>";
		};
		46548D312622EB45000F9CA7 /* Binary Search Trees */ = {
			isa = PBXGroup;
			children = (
				DBA618882625441100F4987A /* BinarySearchTree.swift */,
				DBA618832625364200F4987A /* TreeNode.swift */,
				DB376CA0295D801B001E4EA8 /* Easy */,
				DB376CA1295D8038001E4EA8 /* Medium */,
			);
			path = "Binary Search Trees";
			sourceTree = "<group>";
		};
		46B4BA0629BD08A3007856D0 /* Medium */ = {
			isa = PBXGroup;
			children = (
				46B4BA0429BD0828007856D0 /* 107-Binary Tree Level Order Traversal II .swift */,
				46B4BA1F29BDA5C9007856D0 /* 662-Maximum Width of Binary Tree.swift */,
			);
			path = Medium;
			sourceTree = "<group>";
		};
		46B4BA0929BD0C88007856D0 /* Dynamic Programming */ = {
			isa = PBXGroup;
			children = (
				46B4BA0A29BD0C90007856D0 /* Medium */,
			);
			path = "Dynamic Programming";
			sourceTree = "<group>";
		};
		46B4BA0A29BD0C90007856D0 /* Medium */ = {
			isa = PBXGroup;
			children = (
				46B4BA0729BD0C85007856D0 /* 264-Ugly Number II .swift */,
			);
			path = Medium;
			sourceTree = "<group>";
		};
		46B4BA0B29BD0CC6007856D0 /* Swift */ = {
			isa = PBXGroup;
			children = (
				46548D2C2622EB21000F9CA7 /* Arrays */,
				46185DC529608CE500CF9A5A /* Binary Trees */,
				46548D312622EB45000F9CA7 /* Binary Search Trees */,
				46B4BA1E29BD95EE007856D0 /* LinkList */,
				46185DCD2962855500CF9A5A /* Famous Algorithms */,
				46185DD329628ABF00CF9A5A /* Greedy Algorithms */,
				DB9BF50427759EE900683590 /* Recursion */,
				46B4BA0929BD0C88007856D0 /* Dynamic Programming */,
				46B4BA0E29BD0DB6007856D0 /* Bitwise */,
				46B4BA1529BD126F007856D0 /* Matrxix */,
				46B4BA1829BD14C5007856D0 /* Collection+additions.swift */,
				46B4BA2129BE5362007856D0 /* Dumpable.swift */,
				DB352B5429D2850F001D44CB /* Strings */,
			);
			path = Swift;
			sourceTree = "<group>";
		};
		46B4BA0E29BD0DB6007856D0 /* Bitwise */ = {
			isa = PBXGroup;
			children = (
				46B4BA0F29BD0DC1007856D0 /* Bitwise.swift */,
				46B4BA0C29BD0D9E007856D0 /* 461-Hamming Distance .swift */,
			);
			path = Bitwise;
			sourceTree = "<group>";
		};
		46B4BA1529BD126F007856D0 /* Matrxix */ = {
			isa = PBXGroup;
			children = (
				46B4BA1629BD1279007856D0 /* Matrix.swift */,
				46B4BA1329BD126A007856D0 /* 463-Island Perimeter .swift */,
			);
			path = Matrxix;
			sourceTree = "<group>";
		};
		46B4BA1E29BD95EE007856D0 /* LinkList */ = {
			isa = PBXGroup;
			children = (
				46B4BA1C29BD95DC007856D0 /* ListNode.swift */,
				DB371E8229E9054400079236 /* Easy */,
			);
			path = LinkList;
			sourceTree = "<group>";
		};
		DB352B5429D2850F001D44CB /* Strings */ = {
			isa = PBXGroup;
			children = (
				DB352B5529D28518001D44CB /* Easy */,
				DB53B6E529E3B8580028E2CF /* Medium */,
				DB352B5629D2857F001D44CB /* Strings.swift */,
			);
			path = Strings;
			sourceTree = "<group>";
		};
		DB352B5529D28518001D44CB /* Easy */ = {
			isa = PBXGroup;
			children = (
				DB352B5229D284B8001D44CB /* Palindrome Check.swift */,
				DB352B5829D28A82001D44CB /* Caesar Cipher Encryptor.swift */,
				DBE4A9A029DECA1500EC186F /* Run-Length Encoding.swift */,
				DBE4A9A229DED0DF00EC186F /* Generate Document.swift */,
				DBE4A9A429DFB32500EC186F /* First Non-Repeating Character.swift */,
				DBE4A9A629DFB4B600EC186F /* Semordnilap.swift */,
				DB53B6E629E3B8B10028E2CF /* Common Characters.swift */,
			);
			path = Easy;
			sourceTree = "<group>";
		};
		DB371E2329E79A1500079236 /* Easy */ = {
			isa = PBXGroup;
			children = (
				DB9BF50227759EE500683590 /* Nth Fibonacci.swift */,
				DB9BF5072775ACFA00683590 /* Product Sum.swift */,
			);
			path = Easy;
			sourceTree = "<group>";
		};
		DB371E2629E79A3100079236 /* Medium */ = {
			isa = PBXGroup;
			children = (
				DB371E2429E79A1F00079236 /* Permutations.swift */,
			);
			path = Medium;
			sourceTree = "<group>";
		};
		DB371E8229E9054400079236 /* Easy */ = {
			isa = PBXGroup;
			children = (
				DB371E2729E7F2AE00079236 /* Remove Duplicates From Linked List.swift */,
				DB371E8329E9055600079236 /* Middle Node.swift */,
			);
			path = Easy;
			sourceTree = "<group>";
		};
		DB371E8929E91C5400079236 /* Searching */ = {
			isa = PBXGroup;
			children = (
				DB371E8729E91C2500079236 /* Searching.swift */,
				DB371E8A29E91C7300079236 /* Easy */,
				DB371E9F29E95E1700079236 /* Medium */,
			);
			path = Searching;
			sourceTree = "<group>";
		};
		DB371E8A29E91C7300079236 /* Easy */ = {
			isa = PBXGroup;
			children = (
				DB371E8529E91C0F00079236 /* Binary Search.swift */,
				DB371E9B29E94A8800079236 /* Find Three Largest Numbers.swift */,
			);
			path = Easy;
			sourceTree = "<group>";
		};
		DB371E9F29E95E1700079236 /* Medium */ = {
			isa = PBXGroup;
			children = (
				DB371E9D29E94E1C00079236 /* Search In Sorted Matrix.swift */,
			);
			path = Medium;
			sourceTree = "<group>";
		};
		DB376C97295D6699001E4EA8 /* Easy */ = {
			isa = PBXGroup;
			children = (
				DB376C95295D664C001E4EA8 /* Two Number Sum.swift */,
				DB376C9A295D6715001E4EA8 /* Validate subsequence.swift */,
				DB376C9C295D6749001E4EA8 /* Sorted Squred Array.swift */,
				4600D96A261E2CD80032BE3A /* Tournament Winner.swift */,
				4600D965261E2CD70032BE3A /* Non-Constructible Change.swift */,
				46B4BA1129BD0FA8007856D0 /* 66-Plus One .swift */,
			);
			path = Easy;
			sourceTree = "<group>";
		};
		DB376C98295D66B5001E4EA8 /* Medium */ = {
			isa = PBXGroup;
			children = (
				4617B76F29BCE83200F65833 /* 957-Prison Cells After N Days .swift */,
				4600D968261E2CD70032BE3A /* Three Number Sum.swift */,
				4600D96C261E2CD80032BE3A /* Smallest Difference.swift */,
				4600D962261E2CD70032BE3A /* Move Element To End.swift */,
				4600D96B261E2CD80032BE3A /* Monotonic Array.swift */,
				4600D967261E2CD70032BE3A /* Spiral Traverse.swift */,
				DB6F194E261C0DE5000FD1BD /* Longest Peak.swift */,
				4600D963261E2CD70032BE3A /* Array Of Products.swift */,
				DB6F1946261BFE37000FD1BD /* First Duplicate Value.swift */,
				46548D282622E6E8000F9CA7 /* Merge Overlapping Intervals.swift */,
				DB376C93295D3108001E4EA8 /* Zero Sum Subarray.swift */,
			);
			path = Medium;
			sourceTree = "<group>";
		};
		DB376C99295D66E2001E4EA8 /* Hard */ = {
			isa = PBXGroup;
			children = (
				4600D97F261E2E420032BE3A /* Four Number Sum.swift */,
				46548D3326231199000F9CA7 /* Subarray Sort.swift */,
				46548D3626232A7A000F9CA7 /* Largest Range.swift */,
				46548D3926233D2F000F9CA7 /* Min Rewards.swift */,
				DB376C9E295D69C6001E4EA8 /* ZigZag Traverse.swift */,
			);
			path = Hard;
			sourceTree = "<group>";
		};
		DB376CA0295D801B001E4EA8 /* Easy */ = {
			isa = PBXGroup;
			children = (
				46548D2E2622EB40000F9CA7 /* Find Closest Value In BST.swift */,
			);
			path = Easy;
			sourceTree = "<group>";
		};
		DB376CA1295D8038001E4EA8 /* Medium */ = {
			isa = PBXGroup;
			children = (
				DB376CA2295D9111001E4EA8 /* BST Traversal.swift */,
				DB4A5ACD2625933700251CB9 /* BST Construction.swift */,
				465370862625FA36007631C8 /* Validate BST.swift */,
				DB376CA4295D920E001E4EA8 /* Min Height BST.swift */,
				DB376CA6295EBC09001E4EA8 /* Find Kth Largest Value In BST.swift */,
				DB376CA8295EBFB3001E4EA8 /* Reconstruct BST.swift */,
				46B4BA1A29BD957D007856D0 /* 109-Convert Sorted List to Binary Search Tree.swift */,
			);
			path = Medium;
			sourceTree = "<group>";
		};
		DB53B6E529E3B8580028E2CF /* Medium */ = {
			isa = PBXGroup;
			children = (
				DB53B6E329E3A6540028E2CF /* Longest Palindromic Substring.swift */,
				DB718A0A29E507ED00D72D60 /* Valid IP Address.swift */,
				DB187C3029E54A8300259657 /* Reverse Words In String.swift */,
				DBCDC6AC29E661C800C2D611 /* Minimum Characters For Words.swift */,
				DBCDC6AE29E6667200C2D611 /* Group Anagrams.swift */,
			);
			path = Medium;
			sourceTree = "<group>";
		};
		DB6F191A2611D185000FD1BD = {
			isa = PBXGroup;
			children = (
				DB6F19252611D185000FD1BD /* AlgoExpert */,
				DB6F19242611D185000FD1BD /* Products */,
			);
			sourceTree = "<group>";
		};
		DB6F19242611D185000FD1BD /* Products */ = {
			isa = PBXGroup;
			children = (
				DB6F19232611D185000FD1BD /* AlgoExpert */,
			);
			name = Products;
			sourceTree = "<group>";
		};
		DB6F19252611D185000FD1BD /* AlgoExpert */ = {
			isa = PBXGroup;
			children = (
				DB6F194A261C045D000FD1BD /* Program.swift */,
				DB6F19262611D185000FD1BD /* main.swift */,
				DB371E8929E91C5400079236 /* Searching */,
				4617B74B29BCE6C700F65833 /* AlgoExpertJS */,
				4617B75429BCE6C700F65833 /* AlgoExpertPy */,
				4617B75129BCE6C700F65833 /* LeetCode */,
				46B4BA0B29BD0CC6007856D0 /* Swift */,
			);
			path = AlgoExpert;
			sourceTree = "<group>";
		};
		DB9BF50427759EE900683590 /* Recursion */ = {
			isa = PBXGroup;
			children = (
				DB9BF50527759F1A00683590 /* Recursion.swift */,
				DB371E2329E79A1500079236 /* Easy */,
				DB371E2629E79A3100079236 /* Medium */,
			);
			path = Recursion;
			sourceTree = "<group>";
		};
/* End PBXGroup section */

/* Begin PBXNativeTarget section */
		DB6F19222611D185000FD1BD /* AlgoExpert */ = {
			isa = PBXNativeTarget;
			buildConfigurationList = DB6F192A2611D185000FD1BD /* Build configuration list for PBXNativeTarget "AlgoExpert" */;
			buildPhases = (
				DB6F191F2611D185000FD1BD /* Sources */,
				DB6F19202611D185000FD1BD /* Frameworks */,
				DB6F19212611D185000FD1BD /* CopyFiles */,
			);
			buildRules = (
			);
			dependencies = (
			);
			name = AlgoExpert;
			productName = AlgoExpert;
			productReference = DB6F19232611D185000FD1BD /* AlgoExpert */;
			productType = "com.apple.product-type.tool";
		};
/* End PBXNativeTarget section */

/* Begin PBXProject section */
		DB6F191B2611D185000FD1BD /* Project object */ = {
			isa = PBXProject;
			attributes = {
				LastSwiftUpdateCheck = 1240;
				LastUpgradeCheck = 1240;
				ORGANIZATIONNAME = "Benson Lin";
				TargetAttributes = {
					DB6F19222611D185000FD1BD = {
						CreatedOnToolsVersion = 12.4;
					};
				};
			};
			buildConfigurationList = DB6F191E2611D185000FD1BD /* Build configuration list for PBXProject "AlgoExpert" */;
			compatibilityVersion = "Xcode 9.3";
			developmentRegion = en;
			hasScannedForEncodings = 0;
			knownRegions = (
				en,
				Base,
			);
			mainGroup = DB6F191A2611D185000FD1BD;
			productRefGroup = DB6F19242611D185000FD1BD /* Products */;
			projectDirPath = "";
			projectRoot = "";
			targets = (
				DB6F19222611D185000FD1BD /* AlgoExpert */,
			);
		};
/* End PBXProject section */

/* Begin PBXSourcesBuildPhase section */
		DB6F191F2611D185000FD1BD /* Sources */ = {
			isa = PBXSourcesBuildPhase;
			buildActionMask = 2147483647;
			files = (
				DB371E9C29E94A8800079236 /* Find Three Largest Numbers.swift in Sources */,
				46185DC429608CDF00CF9A5A /* Branch Sums.swift in Sources */,
				4600D971261E2CD80032BE3A /* Non-Constructible Change.swift in Sources */,
				46B4BA1929BD14C5007856D0 /* Collection+additions.swift in Sources */,
				DB6F1947261BFE37000FD1BD /* First Duplicate Value.swift in Sources */,
				4600D974261E2CD80032BE3A /* Three Number Sum.swift in Sources */,
				DB376CA5295D920E001E4EA8 /* Min Height BST.swift in Sources */,
				4600D977261E2CD80032BE3A /* Monotonic Array.swift in Sources */,
				DB53B6E429E3A6540028E2CF /* Longest Palindromic Substring.swift in Sources */,
				DB6F19272611D185000FD1BD /* main.swift in Sources */,
				DB371E8629E91C0F00079236 /* Binary Search.swift in Sources */,
				DBE4A9A329DED0DF00EC186F /* Generate Document.swift in Sources */,
				DB371E8829E91C2500079236 /* Searching.swift in Sources */,
				DB4A5ACE2625933700251CB9 /* BST Construction.swift in Sources */,
				DBA618892625441100F4987A /* BinarySearchTree.swift in Sources */,
				465370872625FA36007631C8 /* Validate BST.swift in Sources */,
				46B4BA1029BD0DC1007856D0 /* Bitwise.swift in Sources */,
				46185DCA296098DC00CF9A5A /* Node Depths.swift in Sources */,
				46548D292622E6E8000F9CA7 /* Merge Overlapping Intervals.swift in Sources */,
				46185DCC2962854C00CF9A5A /* A* Algorithm.swift in Sources */,
				4600D96E261E2CD80032BE3A /* Move Element To End.swift in Sources */,
				46B4BA0D29BD0D9E007856D0 /* 461-Hamming Distance .swift in Sources */,
				DB9BF50327759EE500683590 /* Nth Fibonacci.swift in Sources */,
				4617B77029BCE83200F65833 /* 957-Prison Cells After N Days .swift in Sources */,
				DB371E8429E9055600079236 /* Middle Node.swift in Sources */,
				DB376C94295D3108001E4EA8 /* Zero Sum Subarray.swift in Sources */,
				DB6F194F261C0DE5000FD1BD /* Longest Peak.swift in Sources */,
				46B4BA0529BD0828007856D0 /* 107-Binary Tree Level Order Traversal II .swift in Sources */,
				DB376C9F295D69C6001E4EA8 /* ZigZag Traverse.swift in Sources */,
				46548D3A26233D2F000F9CA7 /* Min Rewards.swift in Sources */,
				DBCDC6AF29E6667200C2D611 /* Group Anagrams.swift in Sources */,
				46548D3726232A7A000F9CA7 /* Largest Range.swift in Sources */,
				DB718A0B29E507ED00D72D60 /* Valid IP Address.swift in Sources */,
				DBE4A9A529DFB32500EC186F /* First Non-Repeating Character.swift in Sources */,
				DB376C9B295D6715001E4EA8 /* Validate subsequence.swift in Sources */,
				DB376C96295D664C001E4EA8 /* Two Number Sum.swift in Sources */,
				46B4BA1729BD1279007856D0 /* Matrix.swift in Sources */,
				DBE4A9A129DECA1500EC186F /* Run-Length Encoding.swift in Sources */,
				DB9BF5082775ACFA00683590 /* Product Sum.swift in Sources */,
				46548D2F2622EB40000F9CA7 /* Find Closest Value In BST.swift in Sources */,
				DB187C3129E54A8300259657 /* Reverse Words In String.swift in Sources */,
				46B4BA2229BE5362007856D0 /* Dumpable.swift in Sources */,
				4600D980261E2E420032BE3A /* Four Number Sum.swift in Sources */,
				4600D978261E2CD80032BE3A /* Smallest Difference.swift in Sources */,
				4600D976261E2CD80032BE3A /* Tournament Winner.swift in Sources */,
				DB376CA9295EBFB3001E4EA8 /* Reconstruct BST.swift in Sources */,
				4600D96F261E2CD80032BE3A /* Array Of Products.swift in Sources */,
				DBA6188C2625666500F4987A /* Arrays.swift in Sources */,
				DB376C9D295D6749001E4EA8 /* Sorted Squred Array.swift in Sources */,
				DBA61892262568DF00F4987A /* Minimum Waiting Time.swift in Sources */,
				DB9BF50627759F1A00683590 /* Recursion.swift in Sources */,
				DBCDC6AD29E661C800C2D611 /* Minimum Characters For Words.swift in Sources */,
				DB6F194B261C045D000FD1BD /* Program.swift in Sources */,
				4600D973261E2CD80032BE3A /* Spiral Traverse.swift in Sources */,
				DB371E2529E79A1F00079236 /* Permutations.swift in Sources */,
				DB376CA3295D9112001E4EA8 /* BST Traversal.swift in Sources */,
				DBE4A9A729DFB4B600EC186F /* Semordnilap.swift in Sources */,
				DB371E9E29E94E1C00079236 /* Search In Sorted Matrix.swift in Sources */,
				DB352B5729D2857F001D44CB /* Strings.swift in Sources */,
				DB352B5929D28A82001D44CB /* Caesar Cipher Encryptor.swift in Sources */,
				46B4BA1B29BD957D007856D0 /* 109-Convert Sorted List to Binary Search Tree.swift in Sources */,
				46B4BA0829BD0C85007856D0 /* 264-Ugly Number II .swift in Sources */,
				46185DD02962856C00CF9A5A /* Famous Algorithms.swift in Sources */,
				46185DC829608D6900CF9A5A /* BinaryTree.swift in Sources */,
				46185DD229628AB100CF9A5A /* Greedy Algorithms.swift in Sources */,
				46B4BA1D29BD95DC007856D0 /* ListNode.swift in Sources */,
				46B4BA2029BDA5C9007856D0 /* 662-Maximum Width of Binary Tree.swift in Sources */,
				DB352B5329D284B8001D44CB /* Palindrome Check.swift in Sources */,
				46B4BA1429BD126A007856D0 /* 463-Island Perimeter .swift in Sources */,
				DB53B6E729E3B8B10028E2CF /* Common Characters.swift in Sources */,
				46B4BA1229BD0FA8007856D0 /* 66-Plus One .swift in Sources */,
				DB371E2829E7F2AE00079236 /* Remove Duplicates From Linked List.swift in Sources */,
				DB376CA7295EBC09001E4EA8 /* Find Kth Largest Value In BST.swift in Sources */,
				DBA618842625364200F4987A /* TreeNode.swift in Sources */,
				46548D3426231199000F9CA7 /* Subarray Sort.swift in Sources */,
			);
			runOnlyForDeploymentPostprocessing = 0;
		};
/* End PBXSourcesBuildPhase section */

/* Begin XCBuildConfiguration section */
		DB6F19282611D185000FD1BD /* Debug */ = {
			isa = XCBuildConfiguration;
			buildSettings = {
				ALWAYS_SEARCH_USER_PATHS = NO;
				CLANG_ANALYZER_NONNULL = YES;
				CLANG_ANALYZER_NUMBER_OBJECT_CONVERSION = YES_AGGRESSIVE;
				CLANG_CXX_LANGUAGE_STANDARD = "gnu++14";
				CLANG_CXX_LIBRARY = "libc++";
				CLANG_ENABLE_MODULES = YES;
				CLANG_ENABLE_OBJC_ARC = YES;
				CLANG_ENABLE_OBJC_WEAK = YES;
				CLANG_WARN_BLOCK_CAPTURE_AUTORELEASING = YES;
				CLANG_WARN_BOOL_CONVERSION = YES;
				CLANG_WARN_COMMA = YES;
				CLANG_WARN_CONSTANT_CONVERSION = YES;
				CLANG_WARN_DEPRECATED_OBJC_IMPLEMENTATIONS = YES;
				CLANG_WARN_DIRECT_OBJC_ISA_USAGE = YES_ERROR;
				CLANG_WARN_DOCUMENTATION_COMMENTS = YES;
				CLANG_WARN_EMPTY_BODY = YES;
				CLANG_WARN_ENUM_CONVERSION = YES;
				CLANG_WARN_INFINITE_RECURSION = YES;
				CLANG_WARN_INT_CONVERSION = YES;
				CLANG_WARN_NON_LITERAL_NULL_CONVERSION = YES;
				CLANG_WARN_OBJC_IMPLICIT_RETAIN_SELF = YES;
				CLANG_WARN_OBJC_LITERAL_CONVERSION = YES;
				CLANG_WARN_OBJC_ROOT_CLASS = YES_ERROR;
				CLANG_WARN_QUOTED_INCLUDE_IN_FRAMEWORK_HEADER = YES;
				CLANG_WARN_RANGE_LOOP_ANALYSIS = YES;
				CLANG_WARN_STRICT_PROTOTYPES = YES;
				CLANG_WARN_SUSPICIOUS_MOVE = YES;
				CLANG_WARN_UNGUARDED_AVAILABILITY = YES_AGGRESSIVE;
				CLANG_WARN_UNREACHABLE_CODE = YES;
				CLANG_WARN__DUPLICATE_METHOD_MATCH = YES;
				COPY_PHASE_STRIP = NO;
				DEBUG_INFORMATION_FORMAT = dwarf;
				ENABLE_STRICT_OBJC_MSGSEND = YES;
				ENABLE_TESTABILITY = YES;
				GCC_C_LANGUAGE_STANDARD = gnu11;
				GCC_DYNAMIC_NO_PIC = NO;
				GCC_NO_COMMON_BLOCKS = YES;
				GCC_OPTIMIZATION_LEVEL = 0;
				GCC_PREPROCESSOR_DEFINITIONS = (
					"DEBUG=1",
					"$(inherited)",
				);
				GCC_WARN_64_TO_32_BIT_CONVERSION = YES;
				GCC_WARN_ABOUT_RETURN_TYPE = YES_ERROR;
				GCC_WARN_UNDECLARED_SELECTOR = YES;
				GCC_WARN_UNINITIALIZED_AUTOS = YES_AGGRESSIVE;
				GCC_WARN_UNUSED_FUNCTION = YES;
				GCC_WARN_UNUSED_VARIABLE = YES;
				MACOSX_DEPLOYMENT_TARGET = 11.1;
				MTL_ENABLE_DEBUG_INFO = INCLUDE_SOURCE;
				MTL_FAST_MATH = YES;
				ONLY_ACTIVE_ARCH = YES;
				SDKROOT = macosx;
				SWIFT_ACTIVE_COMPILATION_CONDITIONS = DEBUG;
				SWIFT_OPTIMIZATION_LEVEL = "-Onone";
			};
			name = Debug;
		};
		DB6F19292611D185000FD1BD /* Release */ = {
			isa = XCBuildConfiguration;
			buildSettings = {
				ALWAYS_SEARCH_USER_PATHS = NO;
				CLANG_ANALYZER_NONNULL = YES;
				CLANG_ANALYZER_NUMBER_OBJECT_CONVERSION = YES_AGGRESSIVE;
				CLANG_CXX_LANGUAGE_STANDARD = "gnu++14";
				CLANG_CXX_LIBRARY = "libc++";
				CLANG_ENABLE_MODULES = YES;
				CLANG_ENABLE_OBJC_ARC = YES;
				CLANG_ENABLE_OBJC_WEAK = YES;
				CLANG_WARN_BLOCK_CAPTURE_AUTORELEASING = YES;
				CLANG_WARN_BOOL_CONVERSION = YES;
				CLANG_WARN_COMMA = YES;
				CLANG_WARN_CONSTANT_CONVERSION = YES;
				CLANG_WARN_DEPRECATED_OBJC_IMPLEMENTATIONS = YES;
				CLANG_WARN_DIRECT_OBJC_ISA_USAGE = YES_ERROR;
				CLANG_WARN_DOCUMENTATION_COMMENTS = YES;
				CLANG_WARN_EMPTY_BODY = YES;
				CLANG_WARN_ENUM_CONVERSION = YES;
				CLANG_WARN_INFINITE_RECURSION = YES;
				CLANG_WARN_INT_CONVERSION = YES;
				CLANG_WARN_NON_LITERAL_NULL_CONVERSION = YES;
				CLANG_WARN_OBJC_IMPLICIT_RETAIN_SELF = YES;
				CLANG_WARN_OBJC_LITERAL_CONVERSION = YES;
				CLANG_WARN_OBJC_ROOT_CLASS = YES_ERROR;
				CLANG_WARN_QUOTED_INCLUDE_IN_FRAMEWORK_HEADER = YES;
				CLANG_WARN_RANGE_LOOP_ANALYSIS = YES;
				CLANG_WARN_STRICT_PROTOTYPES = YES;
				CLANG_WARN_SUSPICIOUS_MOVE = YES;
				CLANG_WARN_UNGUARDED_AVAILABILITY = YES_AGGRESSIVE;
				CLANG_WARN_UNREACHABLE_CODE = YES;
				CLANG_WARN__DUPLICATE_METHOD_MATCH = YES;
				COPY_PHASE_STRIP = NO;
				DEBUG_INFORMATION_FORMAT = "dwarf-with-dsym";
				ENABLE_NS_ASSERTIONS = NO;
				ENABLE_STRICT_OBJC_MSGSEND = YES;
				GCC_C_LANGUAGE_STANDARD = gnu11;
				GCC_NO_COMMON_BLOCKS = YES;
				GCC_WARN_64_TO_32_BIT_CONVERSION = YES;
				GCC_WARN_ABOUT_RETURN_TYPE = YES_ERROR;
				GCC_WARN_UNDECLARED_SELECTOR = YES;
				GCC_WARN_UNINITIALIZED_AUTOS = YES_AGGRESSIVE;
				GCC_WARN_UNUSED_FUNCTION = YES;
				GCC_WARN_UNUSED_VARIABLE = YES;
				MACOSX_DEPLOYMENT_TARGET = 11.1;
				MTL_ENABLE_DEBUG_INFO = NO;
				MTL_FAST_MATH = YES;
				SDKROOT = macosx;
				SWIFT_COMPILATION_MODE = wholemodule;
				SWIFT_OPTIMIZATION_LEVEL = "-O";
			};
			name = Release;
		};
		DB6F192B2611D185000FD1BD /* Debug */ = {
			isa = XCBuildConfiguration;
			buildSettings = {
				CODE_SIGN_STYLE = Automatic;
				DEVELOPMENT_TEAM = 79399T3H3C;
				ENABLE_HARDENED_RUNTIME = YES;
				MACOSX_DEPLOYMENT_TARGET = 10.10;
				PRODUCT_NAME = "$(TARGET_NAME)";
				SWIFT_VERSION = 5.0;
			};
			name = Debug;
		};
		DB6F192C2611D185000FD1BD /* Release */ = {
			isa = XCBuildConfiguration;
			buildSettings = {
				CODE_SIGN_STYLE = Automatic;
				DEVELOPMENT_TEAM = 79399T3H3C;
				ENABLE_HARDENED_RUNTIME = YES;
				MACOSX_DEPLOYMENT_TARGET = 10.10;
				PRODUCT_NAME = "$(TARGET_NAME)";
				SWIFT_VERSION = 5.0;
			};
			name = Release;
		};
/* End XCBuildConfiguration section */

/* Begin XCConfigurationList section */
		DB6F191E2611D185000FD1BD /* Build configuration list for PBXProject "AlgoExpert" */ = {
			isa = XCConfigurationList;
			buildConfigurations = (
				DB6F19282611D185000FD1BD /* Debug */,
				DB6F19292611D185000FD1BD /* Release */,
			);
			defaultConfigurationIsVisible = 0;
			defaultConfigurationName = Release;
		};
		DB6F192A2611D185000FD1BD /* Build configuration list for PBXNativeTarget "AlgoExpert" */ = {
			isa = XCConfigurationList;
			buildConfigurations = (
				DB6F192B2611D185000FD1BD /* Debug */,
				DB6F192C2611D185000FD1BD /* Release */,
			);
			defaultConfigurationIsVisible = 0;
			defaultConfigurationName = Release;
		};
/* End XCConfigurationList section */
	};
	rootObject = DB6F191B2611D185000FD1BD /* Project object */;
}
