// !$*UTF8*$!
{
	archiveVersion = 1;
	classes = {
	};
	objectVersion = 50;
	objects = {

/* Begin PBXBuildFile section */
		4600D96E261E2CD80032BE3A /* Move Element To End.swift in Sources */ = {isa = PBXBuildFile; fileRef = 4600D962261E2CD70032BE3A /* Move Element To End.swift */; };
		4600D96F261E2CD80032BE3A /* Array Of Products.swift in Sources */ = {isa = PBXBuildFile; fileRef = 4600D963261E2CD70032BE3A /* Array Of Products.swift */; };
		4600D971261E2CD80032BE3A /* Non-Constructible Change.swift in Sources */ = {isa = PBXBuildFile; fileRef = 4600D965261E2CD70032BE3A /* Non-Constructible Change.swift */; };
		4600D973261E2CD80032BE3A /* Spiral Traverse.swift in Sources */ = {isa = PBXBuildFile; fileRef = 4600D967261E2CD70032BE3A /* Spiral Traverse.swift */; };
		4600D974261E2CD80032BE3A /* Three Number Sum.swift in Sources */ = {isa = PBXBuildFile; fileRef = 4600D968261E2CD70032BE3A /* Three Number Sum.swift */; };
		4600D976261E2CD80032BE3A /* Tournament Winner.swift in Sources */ = {isa = PBXBuildFile; fileRef = 4600D96A261E2CD80032BE3A /* Tournament Winner.swift */; };
		4600D977261E2CD80032BE3A /* Monotonic Array.swift in Sources */ = {isa = PBXBuildFile; fileRef = 4600D96B261E2CD80032BE3A /* Monotonic Array.swift */; };
		4600D978261E2CD80032BE3A /* Smallest Difference.swift in Sources */ = {isa = PBXBuildFile; fileRef = 4600D96C261E2CD80032BE3A /* Smallest Difference.swift */; };
		4600D980261E2E420032BE3A /* Four Number Sum.swift in Sources */ = {isa = PBXBuildFile; fileRef = 4600D97F261E2E420032BE3A /* Four Number Sum.swift */; };
		46185DC429608CDF00CF9A5A /* Branch Sums.swift in Sources */ = {isa = PBXBuildFile; fileRef = 46185DC329608CDF00CF9A5A /* Branch Sums.swift */; };
		46185DC829608D6900CF9A5A /* BinaryTree.swift in Sources */ = {isa = PBXBuildFile; fileRef = 46185DC729608D6900CF9A5A /* BinaryTree.swift */; };
		46185DCA296098DC00CF9A5A /* Node Depths.swift in Sources */ = {isa = PBXBuildFile; fileRef = 46185DC9296098DC00CF9A5A /* Node Depths.swift */; };
		46185DCC2962854C00CF9A5A /* A* Algorithm.swift in Sources */ = {isa = PBXBuildFile; fileRef = 46185DCB2962854C00CF9A5A /* A* Algorithm.swift */; };
		46185DD02962856C00CF9A5A /* Famous Algorithms.swift in Sources */ = {isa = PBXBuildFile; fileRef = 46185DCF2962856C00CF9A5A /* Famous Algorithms.swift */; };
		46185DD229628AB100CF9A5A /* Greedy Algorithms.swift in Sources */ = {isa = PBXBuildFile; fileRef = 46185DD129628AB100CF9A5A /* Greedy Algorithms.swift */; };
		465370872625FA36007631C8 /* Validate BST.swift in Sources */ = {isa = PBXBuildFile; fileRef = 465370862625FA36007631C8 /* Validate BST.swift */; };
		46548D292622E6E8000F9CA7 /* Merge Overlapping Intervals.swift in Sources */ = {isa = PBXBuildFile; fileRef = 46548D282622E6E8000F9CA7 /* Merge Overlapping Intervals.swift */; };
		46548D2F2622EB40000F9CA7 /* Find Closest Value In BST.swift in Sources */ = {isa = PBXBuildFile; fileRef = 46548D2E2622EB40000F9CA7 /* Find Closest Value In BST.swift */; };
		46548D3426231199000F9CA7 /* Subarray Sort.swift in Sources */ = {isa = PBXBuildFile; fileRef = 46548D3326231199000F9CA7 /* Subarray Sort.swift */; };
		46548D3726232A7A000F9CA7 /* Largest Range.swift in Sources */ = {isa = PBXBuildFile; fileRef = 46548D3626232A7A000F9CA7 /* Largest Range.swift */; };
		46548D3A26233D2F000F9CA7 /* Min Rewards.swift in Sources */ = {isa = PBXBuildFile; fileRef = 46548D3926233D2F000F9CA7 /* Min Rewards.swift */; };
		DB376C94295D3108001E4EA8 /* Zero Sum Subarray.swift in Sources */ = {isa = PBXBuildFile; fileRef = DB376C93295D3108001E4EA8 /* Zero Sum Subarray.swift */; };
		DB376C96295D664C001E4EA8 /* Two Number Sum.swift in Sources */ = {isa = PBXBuildFile; fileRef = DB376C95295D664C001E4EA8 /* Two Number Sum.swift */; };
		DB376C9B295D6715001E4EA8 /* Validate subsequence.swift in Sources */ = {isa = PBXBuildFile; fileRef = DB376C9A295D6715001E4EA8 /* Validate subsequence.swift */; };
		DB376C9D295D6749001E4EA8 /* Sorted Squred Array.swift in Sources */ = {isa = PBXBuildFile; fileRef = DB376C9C295D6749001E4EA8 /* Sorted Squred Array.swift */; };
		DB376C9F295D69C6001E4EA8 /* ZigZag Traverse.swift in Sources */ = {isa = PBXBuildFile; fileRef = DB376C9E295D69C6001E4EA8 /* ZigZag Traverse.swift */; };
		DB376CA3295D9112001E4EA8 /* BST Traversal.swift in Sources */ = {isa = PBXBuildFile; fileRef = DB376CA2295D9111001E4EA8 /* BST Traversal.swift */; };
		DB376CA5295D920E001E4EA8 /* Min Height BST.swift in Sources */ = {isa = PBXBuildFile; fileRef = DB376CA4295D920E001E4EA8 /* Min Height BST.swift */; };
		DB376CA7295EBC09001E4EA8 /* Find Kth Largest Value In BST.swift in Sources */ = {isa = PBXBuildFile; fileRef = DB376CA6295EBC09001E4EA8 /* Find Kth Largest Value In BST.swift */; };
		DB376CA9295EBFB3001E4EA8 /* Reconstruct BST.swift in Sources */ = {isa = PBXBuildFile; fileRef = DB376CA8295EBFB3001E4EA8 /* Reconstruct BST.swift */; };
		DB4A5ACE2625933700251CB9 /* BST Construction.swift in Sources */ = {isa = PBXBuildFile; fileRef = DB4A5ACD2625933700251CB9 /* BST Construction.swift */; };
		DB6F19272611D185000FD1BD /* main.swift in Sources */ = {isa = PBXBuildFile; fileRef = DB6F19262611D185000FD1BD /* main.swift */; };
		DB6F1947261BFE37000FD1BD /* First Duplicate Value.swift in Sources */ = {isa = PBXBuildFile; fileRef = DB6F1946261BFE37000FD1BD /* First Duplicate Value.swift */; };
		DB6F194B261C045D000FD1BD /* Program.swift in Sources */ = {isa = PBXBuildFile; fileRef = DB6F194A261C045D000FD1BD /* Program.swift */; };
		DB6F194F261C0DE5000FD1BD /* Longest Peak.swift in Sources */ = {isa = PBXBuildFile; fileRef = DB6F194E261C0DE5000FD1BD /* Longest Peak.swift */; };
		DB9BF50327759EE500683590 /* Nth Fibonacci.swift in Sources */ = {isa = PBXBuildFile; fileRef = DB9BF50227759EE500683590 /* Nth Fibonacci.swift */; };
		DB9BF50627759F1A00683590 /* Recursion.swift in Sources */ = {isa = PBXBuildFile; fileRef = DB9BF50527759F1A00683590 /* Recursion.swift */; };
		DB9BF5082775ACFA00683590 /* Product Sum.swift in Sources */ = {isa = PBXBuildFile; fileRef = DB9BF5072775ACFA00683590 /* Product Sum.swift */; };
		DBA618842625364200F4987A /* BST.swift in Sources */ = {isa = PBXBuildFile; fileRef = DBA618832625364200F4987A /* BST.swift */; };
		DBA618892625441100F4987A /* BinarySearchTree.swift in Sources */ = {isa = PBXBuildFile; fileRef = DBA618882625441100F4987A /* BinarySearchTree.swift */; };
		DBA6188C2625666500F4987A /* Arrays.swift in Sources */ = {isa = PBXBuildFile; fileRef = DBA6188B2625666500F4987A /* Arrays.swift */; };
		DBA61892262568DF00F4987A /* Minimum Waiting Time.swift in Sources */ = {isa = PBXBuildFile; fileRef = DBA61891262568DF00F4987A /* Minimum Waiting Time.swift */; };
/* End PBXBuildFile section */

/* Begin PBXCopyFilesBuildPhase section */
		DB6F19212611D185000FD1BD /* CopyFiles */ = {
			isa = PBXCopyFilesBuildPhase;
			buildActionMask = 2147483647;
			dstPath = /usr/share/man/man1/;
			dstSubfolderSpec = 0;
			files = (
			);
			runOnlyForDeploymentPostprocessing = 1;
		};
/* End PBXCopyFilesBuildPhase section */

/* Begin PBXFileReference section */
		4600D962261E2CD70032BE3A /* Move Element To End.swift */ = {isa = PBXFileReference; fileEncoding = 4; lastKnownFileType = sourcecode.swift; path = "Move Element To End.swift"; sourceTree = "<group>"; };
		4600D963261E2CD70032BE3A /* Array Of Products.swift */ = {isa = PBXFileReference; fileEncoding = 4; lastKnownFileType = sourcecode.swift; path = "Array Of Products.swift"; sourceTree = "<group>"; };
		4600D965261E2CD70032BE3A /* Non-Constructible Change.swift */ = {isa = PBXFileReference; fileEncoding = 4; lastKnownFileType = sourcecode.swift; path = "Non-Constructible Change.swift"; sourceTree = "<group>"; };
		4600D967261E2CD70032BE3A /* Spiral Traverse.swift */ = {isa = PBXFileReference; fileEncoding = 4; lastKnownFileType = sourcecode.swift; path = "Spiral Traverse.swift"; sourceTree = "<group>"; };
		4600D968261E2CD70032BE3A /* Three Number Sum.swift */ = {isa = PBXFileReference; fileEncoding = 4; lastKnownFileType = sourcecode.swift; path = "Three Number Sum.swift"; sourceTree = "<group>"; };
		4600D96A261E2CD80032BE3A /* Tournament Winner.swift */ = {isa = PBXFileReference; fileEncoding = 4; lastKnownFileType = sourcecode.swift; path = "Tournament Winner.swift"; sourceTree = "<group>"; };
		4600D96B261E2CD80032BE3A /* Monotonic Array.swift */ = {isa = PBXFileReference; fileEncoding = 4; lastKnownFileType = sourcecode.swift; path = "Monotonic Array.swift"; sourceTree = "<group>"; };
		4600D96C261E2CD80032BE3A /* Smallest Difference.swift */ = {isa = PBXFileReference; fileEncoding = 4; lastKnownFileType = sourcecode.swift; path = "Smallest Difference.swift"; sourceTree = "<group>"; };
		4600D97F261E2E420032BE3A /* Four Number Sum.swift */ = {isa = PBXFileReference; lastKnownFileType = sourcecode.swift; path = "Four Number Sum.swift"; sourceTree = "<group>"; };
		46185DC329608CDF00CF9A5A /* Branch Sums.swift */ = {isa = PBXFileReference; lastKnownFileType = sourcecode.swift; path = "Branch Sums.swift"; sourceTree = "<group>"; };
		46185DC729608D6900CF9A5A /* BinaryTree.swift */ = {isa = PBXFileReference; lastKnownFileType = sourcecode.swift; path = BinaryTree.swift; sourceTree = "<group>"; };
		46185DC9296098DC00CF9A5A /* Node Depths.swift */ = {isa = PBXFileReference; lastKnownFileType = sourcecode.swift; path = "Node Depths.swift"; sourceTree = "<group>"; };
		46185DCB2962854C00CF9A5A /* A* Algorithm.swift */ = {isa = PBXFileReference; lastKnownFileType = sourcecode.swift; path = "A* Algorithm.swift"; sourceTree = "<group>"; };
		46185DCF2962856C00CF9A5A /* Famous Algorithms.swift */ = {isa = PBXFileReference; lastKnownFileType = sourcecode.swift; path = "Famous Algorithms.swift"; sourceTree = "<group>"; };
		46185DD129628AB100CF9A5A /* Greedy Algorithms.swift */ = {isa = PBXFileReference; lastKnownFileType = sourcecode.swift; path = "Greedy Algorithms.swift"; sourceTree = "<group>"; };
		465370862625FA36007631C8 /* Validate BST.swift */ = {isa = PBXFileReference; lastKnownFileType = sourcecode.swift; path = "Validate BST.swift"; sourceTree = "<group>"; };
		46548D282622E6E8000F9CA7 /* Merge Overlapping Intervals.swift */ = {isa = PBXFileReference; fileEncoding = 4; lastKnownFileType = sourcecode.swift; path = "Merge Overlapping Intervals.swift"; sourceTree = "<group>"; };
		46548D2E2622EB40000F9CA7 /* Find Closest Value In BST.swift */ = {isa = PBXFileReference; lastKnownFileType = sourcecode.swift; path = "Find Closest Value In BST.swift"; sourceTree = "<group>"; };
		46548D3326231199000F9CA7 /* Subarray Sort.swift */ = {isa = PBXFileReference; lastKnownFileType = sourcecode.swift; path = "Subarray Sort.swift"; sourceTree = "<group>"; };
		46548D3626232A7A000F9CA7 /* Largest Range.swift */ = {isa = PBXFileReference; lastKnownFileType = sourcecode.swift; path = "Largest Range.swift"; sourceTree = "<group>"; };
		46548D3926233D2F000F9CA7 /* Min Rewards.swift */ = {isa = PBXFileReference; lastKnownFileType = sourcecode.swift; path = "Min Rewards.swift"; sourceTree = "<group>"; };
		DB376C93295D3108001E4EA8 /* Zero Sum Subarray.swift */ = {isa = PBXFileReference; lastKnownFileType = sourcecode.swift; path = "Zero Sum Subarray.swift"; sourceTree = "<group>"; };
		DB376C95295D664C001E4EA8 /* Two Number Sum.swift */ = {isa = PBXFileReference; lastKnownFileType = sourcecode.swift; path = "Two Number Sum.swift"; sourceTree = "<group>"; };
		DB376C9A295D6715001E4EA8 /* Validate subsequence.swift */ = {isa = PBXFileReference; lastKnownFileType = sourcecode.swift; path = "Validate subsequence.swift"; sourceTree = "<group>"; };
		DB376C9C295D6749001E4EA8 /* Sorted Squred Array.swift */ = {isa = PBXFileReference; lastKnownFileType = sourcecode.swift; path = "Sorted Squred Array.swift"; sourceTree = "<group>"; };
		DB376C9E295D69C6001E4EA8 /* ZigZag Traverse.swift */ = {isa = PBXFileReference; lastKnownFileType = sourcecode.swift; path = "ZigZag Traverse.swift"; sourceTree = "<group>"; };
		DB376CA2295D9111001E4EA8 /* BST Traversal.swift */ = {isa = PBXFileReference; lastKnownFileType = sourcecode.swift; path = "BST Traversal.swift"; sourceTree = "<group>"; };
		DB376CA4295D920E001E4EA8 /* Min Height BST.swift */ = {isa = PBXFileReference; lastKnownFileType = sourcecode.swift; path = "Min Height BST.swift"; sourceTree = "<group>"; };
		DB376CA6295EBC09001E4EA8 /* Find Kth Largest Value In BST.swift */ = {isa = PBXFileReference; lastKnownFileType = sourcecode.swift; path = "Find Kth Largest Value In BST.swift"; sourceTree = "<group>"; };
		DB376CA8295EBFB3001E4EA8 /* Reconstruct BST.swift */ = {isa = PBXFileReference; lastKnownFileType = sourcecode.swift; path = "Reconstruct BST.swift"; sourceTree = "<group>"; };
		DB4A5ACD2625933700251CB9 /* BST Construction.swift */ = {isa = PBXFileReference; lastKnownFileType = sourcecode.swift; path = "BST Construction.swift"; sourceTree = "<group>"; };
		DB6F19232611D185000FD1BD /* AlgoExpert */ = {isa = PBXFileReference; explicitFileType = "compiled.mach-o.executable"; includeInIndex = 0; path = AlgoExpert; sourceTree = BUILT_PRODUCTS_DIR; };
		DB6F19262611D185000FD1BD /* main.swift */ = {isa = PBXFileReference; lastKnownFileType = sourcecode.swift; path = main.swift; sourceTree = "<group>"; };
		DB6F1946261BFE37000FD1BD /* First Duplicate Value.swift */ = {isa = PBXFileReference; lastKnownFileType = sourcecode.swift; path = "First Duplicate Value.swift"; sourceTree = "<group>"; };
		DB6F194A261C045D000FD1BD /* Program.swift */ = {isa = PBXFileReference; lastKnownFileType = sourcecode.swift; path = Program.swift; sourceTree = "<group>"; };
		DB6F194E261C0DE5000FD1BD /* Longest Peak.swift */ = {isa = PBXFileReference; lastKnownFileType = sourcecode.swift; path = "Longest Peak.swift"; sourceTree = "<group>"; };
		DB9BF50227759EE500683590 /* Nth Fibonacci.swift */ = {isa = PBXFileReference; lastKnownFileType = sourcecode.swift; path = "Nth Fibonacci.swift"; sourceTree = "<group>"; };
		DB9BF50527759F1A00683590 /* Recursion.swift */ = {isa = PBXFileReference; lastKnownFileType = sourcecode.swift; path = Recursion.swift; sourceTree = "<group>"; };
		DB9BF5072775ACFA00683590 /* Product Sum.swift */ = {isa = PBXFileReference; lastKnownFileType = sourcecode.swift; path = "Product Sum.swift"; sourceTree = "<group>"; };
		DBA618832625364200F4987A /* BST.swift */ = {isa = PBXFileReference; lastKnownFileType = sourcecode.swift; path = BST.swift; sourceTree = "<group>"; };
		DBA618882625441100F4987A /* BinarySearchTree.swift */ = {isa = PBXFileReference; lastKnownFileType = sourcecode.swift; path = BinarySearchTree.swift; sourceTree = "<group>"; };
		DBA6188B2625666500F4987A /* Arrays.swift */ = {isa = PBXFileReference; lastKnownFileType = sourcecode.swift; path = Arrays.swift; sourceTree = "<group>"; };
		DBA61891262568DF00F4987A /* Minimum Waiting Time.swift */ = {isa = PBXFileReference; lastKnownFileType = sourcecode.swift; path = "Minimum Waiting Time.swift"; sourceTree = "<group>"; };
/* End PBXFileReference section */

/* Begin PBXFrameworksBuildPhase section */
		DB6F19202611D185000FD1BD /* Frameworks */ = {
			isa = PBXFrameworksBuildPhase;
			buildActionMask = 2147483647;
			files = (
			);
			runOnlyForDeploymentPostprocessing = 0;
		};
/* End PBXFrameworksBuildPhase section */

/* Begin PBXGroup section */
		46185DC529608CE500CF9A5A /* Binary Trees */ = {
			isa = PBXGroup;
			children = (
				46185DC729608D6900CF9A5A /* BinaryTree.swift */,
				46185DC629608CEE00CF9A5A /* Easy */,
			);
			path = "Binary Trees";
			sourceTree = "<group>";
		};
		46185DC629608CEE00CF9A5A /* Easy */ = {
			isa = PBXGroup;
			children = (
				46185DC329608CDF00CF9A5A /* Branch Sums.swift */,
				46185DC9296098DC00CF9A5A /* Node Depths.swift */,
			);
			path = Easy;
			sourceTree = "<group>";
		};
		46185DCD2962855500CF9A5A /* Famous Algorithms */ = {
			isa = PBXGroup;
			children = (
				46185DCF2962856C00CF9A5A /* Famous Algorithms.swift */,
				46185DCE2962855F00CF9A5A /* Very Hard */,
			);
			path = "Famous Algorithms";
			sourceTree = "<group>";
		};
		46185DCE2962855F00CF9A5A /* Very Hard */ = {
			isa = PBXGroup;
			children = (
				46185DCB2962854C00CF9A5A /* A* Algorithm.swift */,
			);
			path = "Very Hard";
			sourceTree = "<group>";
		};
		46185DD329628ABF00CF9A5A /* Greedy Algorithms */ = {
			isa = PBXGroup;
			children = (
				46185DD129628AB100CF9A5A /* Greedy Algorithms.swift */,
				46185DD429628AF200CF9A5A /* Easy */,
			);
			path = "Greedy Algorithms";
			sourceTree = "<group>";
		};
		46185DD429628AF200CF9A5A /* Easy */ = {
			isa = PBXGroup;
			children = (
				DBA61891262568DF00F4987A /* Minimum Waiting Time.swift */,
			);
			path = Easy;
			sourceTree = "<group>";
		};
		46548D2C2622EB21000F9CA7 /* Arrays */ = {
			isa = PBXGroup;
			children = (
				DBA6188B2625666500F4987A /* Arrays.swift */,
				DB376C97295D6699001E4EA8 /* Easy */,
				DB376C98295D66B5001E4EA8 /* Medium */,
				DB376C99295D66E2001E4EA8 /* Hard */,
			);
			path = Arrays;
			sourceTree = "<group>";
		};
		46548D312622EB45000F9CA7 /* Binary Search Trees */ = {
			isa = PBXGroup;
			children = (
				DBA618882625441100F4987A /* BinarySearchTree.swift */,
				DBA618832625364200F4987A /* BST.swift */,
				DB376CA0295D801B001E4EA8 /* Easy */,
				DB376CA1295D8038001E4EA8 /* Medium */,
			);
			path = "Binary Search Trees";
			sourceTree = "<group>";
		};
		DB376C97295D6699001E4EA8 /* Easy */ = {
			isa = PBXGroup;
			children = (
				DB376C95295D664C001E4EA8 /* Two Number Sum.swift */,
				DB376C9A295D6715001E4EA8 /* Validate subsequence.swift */,
				DB376C9C295D6749001E4EA8 /* Sorted Squred Array.swift */,
				4600D96A261E2CD80032BE3A /* Tournament Winner.swift */,
				4600D965261E2CD70032BE3A /* Non-Constructible Change.swift */,
			);
			path = Easy;
			sourceTree = "<group>";
		};
		DB376C98295D66B5001E4EA8 /* Medium */ = {
			isa = PBXGroup;
			children = (
				4600D968261E2CD70032BE3A /* Three Number Sum.swift */,
				4600D96C261E2CD80032BE3A /* Smallest Difference.swift */,
				4600D962261E2CD70032BE3A /* Move Element To End.swift */,
				4600D96B261E2CD80032BE3A /* Monotonic Array.swift */,
				4600D967261E2CD70032BE3A /* Spiral Traverse.swift */,
				DB6F194E261C0DE5000FD1BD /* Longest Peak.swift */,
				4600D963261E2CD70032BE3A /* Array Of Products.swift */,
				DB6F1946261BFE37000FD1BD /* First Duplicate Value.swift */,
				46548D282622E6E8000F9CA7 /* Merge Overlapping Intervals.swift */,
				DB376C93295D3108001E4EA8 /* Zero Sum Subarray.swift */,
			);
			path = Medium;
			sourceTree = "<group>";
		};
		DB376C99295D66E2001E4EA8 /* Hard */ = {
			isa = PBXGroup;
			children = (
				4600D97F261E2E420032BE3A /* Four Number Sum.swift */,
				46548D3326231199000F9CA7 /* Subarray Sort.swift */,
				46548D3626232A7A000F9CA7 /* Largest Range.swift */,
				46548D3926233D2F000F9CA7 /* Min Rewards.swift */,
				DB376C9E295D69C6001E4EA8 /* ZigZag Traverse.swift */,
			);
			path = Hard;
			sourceTree = "<group>";
		};
		DB376CA0295D801B001E4EA8 /* Easy */ = {
			isa = PBXGroup;
			children = (
				46548D2E2622EB40000F9CA7 /* Find Closest Value In BST.swift */,
			);
			path = Easy;
			sourceTree = "<group>";
		};
		DB376CA1295D8038001E4EA8 /* Medium */ = {
			isa = PBXGroup;
			children = (
				DB4A5ACD2625933700251CB9 /* BST Construction.swift */,
				465370862625FA36007631C8 /* Validate BST.swift */,
				DB376CA2295D9111001E4EA8 /* BST Traversal.swift */,
				DB376CA4295D920E001E4EA8 /* Min Height BST.swift */,
				DB376CA6295EBC09001E4EA8 /* Find Kth Largest Value In BST.swift */,
				DB376CA8295EBFB3001E4EA8 /* Reconstruct BST.swift */,
			);
			path = Medium;
			sourceTree = "<group>";
		};
		DB6F191A2611D185000FD1BD = {
			isa = PBXGroup;
			children = (
				DB6F19252611D185000FD1BD /* AlgoExpert */,
				DB6F19242611D185000FD1BD /* Products */,
			);
			sourceTree = "<group>";
		};
		DB6F19242611D185000FD1BD /* Products */ = {
			isa = PBXGroup;
			children = (
				DB6F19232611D185000FD1BD /* AlgoExpert */,
			);
			name = Products;
			sourceTree = "<group>";
		};
		DB6F19252611D185000FD1BD /* AlgoExpert */ = {
			isa = PBXGroup;
			children = (
				DB6F194A261C045D000FD1BD /* Program.swift */,
				DB6F19262611D185000FD1BD /* main.swift */,
				46548D2C2622EB21000F9CA7 /* Arrays */,
				46548D312622EB45000F9CA7 /* Binary Search Trees */,
				46185DC529608CE500CF9A5A /* Binary Trees */,
				46185DCD2962855500CF9A5A /* Famous Algorithms */,
				46185DD329628ABF00CF9A5A /* Greedy Algorithms */,
				DB9BF50427759EE900683590 /* Recursion */,
			);
			path = AlgoExpert;
			sourceTree = "<group>";
		};
		DB9BF50427759EE900683590 /* Recursion */ = {
			isa = PBXGroup;
			children = (
				DB9BF50527759F1A00683590 /* Recursion.swift */,
				DB9BF50227759EE500683590 /* Nth Fibonacci.swift */,
				DB9BF5072775ACFA00683590 /* Product Sum.swift */,
			);
			path = Recursion;
			sourceTree = "<group>";
		};
/* End PBXGroup section */

/* Begin PBXNativeTarget section */
		DB6F19222611D185000FD1BD /* AlgoExpert */ = {
			isa = PBXNativeTarget;
			buildConfigurationList = DB6F192A2611D185000FD1BD /* Build configuration list for PBXNativeTarget "AlgoExpert" */;
			buildPhases = (
				DB6F191F2611D185000FD1BD /* Sources */,
				DB6F19202611D185000FD1BD /* Frameworks */,
				DB6F19212611D185000FD1BD /* CopyFiles */,
			);
			buildRules = (
			);
			dependencies = (
			);
			name = AlgoExpert;
			productName = AlgoExpert;
			productReference = DB6F19232611D185000FD1BD /* AlgoExpert */;
			productType = "com.apple.product-type.tool";
		};
/* End PBXNativeTarget section */

/* Begin PBXProject section */
		DB6F191B2611D185000FD1BD /* Project object */ = {
			isa = PBXProject;
			attributes = {
				LastSwiftUpdateCheck = 1240;
				LastUpgradeCheck = 1240;
				ORGANIZATIONNAME = "Benson Lin";
				TargetAttributes = {
					DB6F19222611D185000FD1BD = {
						CreatedOnToolsVersion = 12.4;
					};
				};
			};
			buildConfigurationList = DB6F191E2611D185000FD1BD /* Build configuration list for PBXProject "AlgoExpert" */;
			compatibilityVersion = "Xcode 9.3";
			developmentRegion = en;
			hasScannedForEncodings = 0;
			knownRegions = (
				en,
				Base,
			);
			mainGroup = DB6F191A2611D185000FD1BD;
			productRefGroup = DB6F19242611D185000FD1BD /* Products */;
			projectDirPath = "";
			projectRoot = "";
			targets = (
				DB6F19222611D185000FD1BD /* AlgoExpert */,
			);
		};
/* End PBXProject section */

/* Begin PBXSourcesBuildPhase section */
		DB6F191F2611D185000FD1BD /* Sources */ = {
			isa = PBXSourcesBuildPhase;
			buildActionMask = 2147483647;
			files = (
				46185DC429608CDF00CF9A5A /* Branch Sums.swift in Sources */,
				4600D971261E2CD80032BE3A /* Non-Constructible Change.swift in Sources */,
				DB6F1947261BFE37000FD1BD /* First Duplicate Value.swift in Sources */,
				4600D974261E2CD80032BE3A /* Three Number Sum.swift in Sources */,
				DB376CA5295D920E001E4EA8 /* Min Height BST.swift in Sources */,
				4600D977261E2CD80032BE3A /* Monotonic Array.swift in Sources */,
				DB6F19272611D185000FD1BD /* main.swift in Sources */,
				DB4A5ACE2625933700251CB9 /* BST Construction.swift in Sources */,
				DBA618892625441100F4987A /* BinarySearchTree.swift in Sources */,
				465370872625FA36007631C8 /* Validate BST.swift in Sources */,
				46185DCA296098DC00CF9A5A /* Node Depths.swift in Sources */,
				46548D292622E6E8000F9CA7 /* Merge Overlapping Intervals.swift in Sources */,
				46185DCC2962854C00CF9A5A /* A* Algorithm.swift in Sources */,
				4600D96E261E2CD80032BE3A /* Move Element To End.swift in Sources */,
				DB9BF50327759EE500683590 /* Nth Fibonacci.swift in Sources */,
				DB376C94295D3108001E4EA8 /* Zero Sum Subarray.swift in Sources */,
				DB6F194F261C0DE5000FD1BD /* Longest Peak.swift in Sources */,
				DB376C9F295D69C6001E4EA8 /* ZigZag Traverse.swift in Sources */,
				46548D3A26233D2F000F9CA7 /* Min Rewards.swift in Sources */,
				46548D3726232A7A000F9CA7 /* Largest Range.swift in Sources */,
				DB376C9B295D6715001E4EA8 /* Validate subsequence.swift in Sources */,
				DB376C96295D664C001E4EA8 /* Two Number Sum.swift in Sources */,
				DB9BF5082775ACFA00683590 /* Product Sum.swift in Sources */,
				46548D2F2622EB40000F9CA7 /* Find Closest Value In BST.swift in Sources */,
				4600D980261E2E420032BE3A /* Four Number Sum.swift in Sources */,
				4600D978261E2CD80032BE3A /* Smallest Difference.swift in Sources */,
				4600D976261E2CD80032BE3A /* Tournament Winner.swift in Sources */,
				DB376CA9295EBFB3001E4EA8 /* Reconstruct BST.swift in Sources */,
				4600D96F261E2CD80032BE3A /* Array Of Products.swift in Sources */,
				DBA6188C2625666500F4987A /* Arrays.swift in Sources */,
				DB376C9D295D6749001E4EA8 /* Sorted Squred Array.swift in Sources */,
				DBA61892262568DF00F4987A /* Minimum Waiting Time.swift in Sources */,
				DB9BF50627759F1A00683590 /* Recursion.swift in Sources */,
				DB6F194B261C045D000FD1BD /* Program.swift in Sources */,
				4600D973261E2CD80032BE3A /* Spiral Traverse.swift in Sources */,
				DB376CA3295D9112001E4EA8 /* BST Traversal.swift in Sources */,
				46185DD02962856C00CF9A5A /* Famous Algorithms.swift in Sources */,
				46185DC829608D6900CF9A5A /* BinaryTree.swift in Sources */,
				46185DD229628AB100CF9A5A /* Greedy Algorithms.swift in Sources */,
				DB376CA7295EBC09001E4EA8 /* Find Kth Largest Value In BST.swift in Sources */,
				DBA618842625364200F4987A /* BST.swift in Sources */,
				46548D3426231199000F9CA7 /* Subarray Sort.swift in Sources */,
			);
			runOnlyForDeploymentPostprocessing = 0;
		};
/* End PBXSourcesBuildPhase section */

/* Begin XCBuildConfiguration section */
		DB6F19282611D185000FD1BD /* Debug */ = {
			isa = XCBuildConfiguration;
			buildSettings = {
				ALWAYS_SEARCH_USER_PATHS = NO;
				CLANG_ANALYZER_NONNULL = YES;
				CLANG_ANALYZER_NUMBER_OBJECT_CONVERSION = YES_AGGRESSIVE;
				CLANG_CXX_LANGUAGE_STANDARD = "gnu++14";
				CLANG_CXX_LIBRARY = "libc++";
				CLANG_ENABLE_MODULES = YES;
				CLANG_ENABLE_OBJC_ARC = YES;
				CLANG_ENABLE_OBJC_WEAK = YES;
				CLANG_WARN_BLOCK_CAPTURE_AUTORELEASING = YES;
				CLANG_WARN_BOOL_CONVERSION = YES;
				CLANG_WARN_COMMA = YES;
				CLANG_WARN_CONSTANT_CONVERSION = YES;
				CLANG_WARN_DEPRECATED_OBJC_IMPLEMENTATIONS = YES;
				CLANG_WARN_DIRECT_OBJC_ISA_USAGE = YES_ERROR;
				CLANG_WARN_DOCUMENTATION_COMMENTS = YES;
				CLANG_WARN_EMPTY_BODY = YES;
				CLANG_WARN_ENUM_CONVERSION = YES;
				CLANG_WARN_INFINITE_RECURSION = YES;
				CLANG_WARN_INT_CONVERSION = YES;
				CLANG_WARN_NON_LITERAL_NULL_CONVERSION = YES;
				CLANG_WARN_OBJC_IMPLICIT_RETAIN_SELF = YES;
				CLANG_WARN_OBJC_LITERAL_CONVERSION = YES;
				CLANG_WARN_OBJC_ROOT_CLASS = YES_ERROR;
				CLANG_WARN_QUOTED_INCLUDE_IN_FRAMEWORK_HEADER = YES;
				CLANG_WARN_RANGE_LOOP_ANALYSIS = YES;
				CLANG_WARN_STRICT_PROTOTYPES = YES;
				CLANG_WARN_SUSPICIOUS_MOVE = YES;
				CLANG_WARN_UNGUARDED_AVAILABILITY = YES_AGGRESSIVE;
				CLANG_WARN_UNREACHABLE_CODE = YES;
				CLANG_WARN__DUPLICATE_METHOD_MATCH = YES;
				COPY_PHASE_STRIP = NO;
				DEBUG_INFORMATION_FORMAT = dwarf;
				ENABLE_STRICT_OBJC_MSGSEND = YES;
				ENABLE_TESTABILITY = YES;
				GCC_C_LANGUAGE_STANDARD = gnu11;
				GCC_DYNAMIC_NO_PIC = NO;
				GCC_NO_COMMON_BLOCKS = YES;
				GCC_OPTIMIZATION_LEVEL = 0;
				GCC_PREPROCESSOR_DEFINITIONS = (
					"DEBUG=1",
					"$(inherited)",
				);
				GCC_WARN_64_TO_32_BIT_CONVERSION = YES;
				GCC_WARN_ABOUT_RETURN_TYPE = YES_ERROR;
				GCC_WARN_UNDECLARED_SELECTOR = YES;
				GCC_WARN_UNINITIALIZED_AUTOS = YES_AGGRESSIVE;
				GCC_WARN_UNUSED_FUNCTION = YES;
				GCC_WARN_UNUSED_VARIABLE = YES;
				MACOSX_DEPLOYMENT_TARGET = 11.1;
				MTL_ENABLE_DEBUG_INFO = INCLUDE_SOURCE;
				MTL_FAST_MATH = YES;
				ONLY_ACTIVE_ARCH = YES;
				SDKROOT = macosx;
				SWIFT_ACTIVE_COMPILATION_CONDITIONS = DEBUG;
				SWIFT_OPTIMIZATION_LEVEL = "-Onone";
			};
			name = Debug;
		};
		DB6F19292611D185000FD1BD /* Release */ = {
			isa = XCBuildConfiguration;
			buildSettings = {
				ALWAYS_SEARCH_USER_PATHS = NO;
				CLANG_ANALYZER_NONNULL = YES;
				CLANG_ANALYZER_NUMBER_OBJECT_CONVERSION = YES_AGGRESSIVE;
				CLANG_CXX_LANGUAGE_STANDARD = "gnu++14";
				CLANG_CXX_LIBRARY = "libc++";
				CLANG_ENABLE_MODULES = YES;
				CLANG_ENABLE_OBJC_ARC = YES;
				CLANG_ENABLE_OBJC_WEAK = YES;
				CLANG_WARN_BLOCK_CAPTURE_AUTORELEASING = YES;
				CLANG_WARN_BOOL_CONVERSION = YES;
				CLANG_WARN_COMMA = YES;
				CLANG_WARN_CONSTANT_CONVERSION = YES;
				CLANG_WARN_DEPRECATED_OBJC_IMPLEMENTATIONS = YES;
				CLANG_WARN_DIRECT_OBJC_ISA_USAGE = YES_ERROR;
				CLANG_WARN_DOCUMENTATION_COMMENTS = YES;
				CLANG_WARN_EMPTY_BODY = YES;
				CLANG_WARN_ENUM_CONVERSION = YES;
				CLANG_WARN_INFINITE_RECURSION = YES;
				CLANG_WARN_INT_CONVERSION = YES;
				CLANG_WARN_NON_LITERAL_NULL_CONVERSION = YES;
				CLANG_WARN_OBJC_IMPLICIT_RETAIN_SELF = YES;
				CLANG_WARN_OBJC_LITERAL_CONVERSION = YES;
				CLANG_WARN_OBJC_ROOT_CLASS = YES_ERROR;
				CLANG_WARN_QUOTED_INCLUDE_IN_FRAMEWORK_HEADER = YES;
				CLANG_WARN_RANGE_LOOP_ANALYSIS = YES;
				CLANG_WARN_STRICT_PROTOTYPES = YES;
				CLANG_WARN_SUSPICIOUS_MOVE = YES;
				CLANG_WARN_UNGUARDED_AVAILABILITY = YES_AGGRESSIVE;
				CLANG_WARN_UNREACHABLE_CODE = YES;
				CLANG_WARN__DUPLICATE_METHOD_MATCH = YES;
				COPY_PHASE_STRIP = NO;
				DEBUG_INFORMATION_FORMAT = "dwarf-with-dsym";
				ENABLE_NS_ASSERTIONS = NO;
				ENABLE_STRICT_OBJC_MSGSEND = YES;
				GCC_C_LANGUAGE_STANDARD = gnu11;
				GCC_NO_COMMON_BLOCKS = YES;
				GCC_WARN_64_TO_32_BIT_CONVERSION = YES;
				GCC_WARN_ABOUT_RETURN_TYPE = YES_ERROR;
				GCC_WARN_UNDECLARED_SELECTOR = YES;
				GCC_WARN_UNINITIALIZED_AUTOS = YES_AGGRESSIVE;
				GCC_WARN_UNUSED_FUNCTION = YES;
				GCC_WARN_UNUSED_VARIABLE = YES;
				MACOSX_DEPLOYMENT_TARGET = 11.1;
				MTL_ENABLE_DEBUG_INFO = NO;
				MTL_FAST_MATH = YES;
				SDKROOT = macosx;
				SWIFT_COMPILATION_MODE = wholemodule;
				SWIFT_OPTIMIZATION_LEVEL = "-O";
			};
			name = Release;
		};
		DB6F192B2611D185000FD1BD /* Debug */ = {
			isa = XCBuildConfiguration;
			buildSettings = {
				CODE_SIGN_STYLE = Automatic;
				DEVELOPMENT_TEAM = 79399T3H3C;
				ENABLE_HARDENED_RUNTIME = YES;
				MACOSX_DEPLOYMENT_TARGET = 10.10;
				PRODUCT_NAME = "$(TARGET_NAME)";
				SWIFT_VERSION = 5.0;
			};
			name = Debug;
		};
		DB6F192C2611D185000FD1BD /* Release */ = {
			isa = XCBuildConfiguration;
			buildSettings = {
				CODE_SIGN_STYLE = Automatic;
				DEVELOPMENT_TEAM = 79399T3H3C;
				ENABLE_HARDENED_RUNTIME = YES;
				MACOSX_DEPLOYMENT_TARGET = 10.10;
				PRODUCT_NAME = "$(TARGET_NAME)";
				SWIFT_VERSION = 5.0;
			};
			name = Release;
		};
/* End XCBuildConfiguration section */

/* Begin XCConfigurationList section */
		DB6F191E2611D185000FD1BD /* Build configuration list for PBXProject "AlgoExpert" */ = {
			isa = XCConfigurationList;
			buildConfigurations = (
				DB6F19282611D185000FD1BD /* Debug */,
				DB6F19292611D185000FD1BD /* Release */,
			);
			defaultConfigurationIsVisible = 0;
			defaultConfigurationName = Release;
		};
		DB6F192A2611D185000FD1BD /* Build configuration list for PBXNativeTarget "AlgoExpert" */ = {
			isa = XCConfigurationList;
			buildConfigurations = (
				DB6F192B2611D185000FD1BD /* Debug */,
				DB6F192C2611D185000FD1BD /* Release */,
			);
			defaultConfigurationIsVisible = 0;
			defaultConfigurationName = Release;
		};
/* End XCConfigurationList section */
	};
	rootObject = DB6F191B2611D185000FD1BD /* Project object */;
}
